// !$*UTF8*$!
{
	archiveVersion = 1;
	classes = {
	};
	objectVersion = 56;
	objects = {

/* Begin PBXBuildFile section */
		5B7030092AC3C02C003B379D /* ProfileEditor.swift in Sources */ = {isa = PBXBuildFile; fileRef = 5B7030082AC3C02C003B379D /* ProfileEditor.swift */; };
		5B70300C2AC3C409003B379D /* PageViewController.swift in Sources */ = {isa = PBXBuildFile; fileRef = 5B70300B2AC3C409003B379D /* PageViewController.swift */; };
		5B70300E2AC3C59C003B379D /* FeatureCard.swift in Sources */ = {isa = PBXBuildFile; fileRef = 5B70300D2AC3C59C003B379D /* FeatureCard.swift */; };
		5B7030102AC3C659003B379D /* PageView.swift in Sources */ = {isa = PBXBuildFile; fileRef = 5B70300F2AC3C659003B379D /* PageView.swift */; };
		5B7030122AC3CBEE003B379D /* PageControl.swift in Sources */ = {isa = PBXBuildFile; fileRef = 5B7030112AC3CBEE003B379D /* PageControl.swift */; };
		5B70301C2AC3CE90003B379D /* ContentView.swift in Sources */ = {isa = PBXBuildFile; fileRef = 5B70301B2AC3CE90003B379D /* ContentView.swift */; };
		5B70301E2AC3CE92003B379D /* Assets.xcassets in Resources */ = {isa = PBXBuildFile; fileRef = 5B70301D2AC3CE92003B379D /* Assets.xcassets */; };
		5B7030212AC3CE92003B379D /* Preview Assets.xcassets in Resources */ = {isa = PBXBuildFile; fileRef = 5B7030202AC3CE92003B379D /* Preview Assets.xcassets */; };
		5B70302B2AC3CE93003B379D /* WatchLandmarks_Watch_AppTests.swift in Sources */ = {isa = PBXBuildFile; fileRef = 5B70302A2AC3CE93003B379D /* WatchLandmarks_Watch_AppTests.swift */; };
		5B7030352AC3CE94003B379D /* WatchLandmarks_Watch_AppUITests.swift in Sources */ = {isa = PBXBuildFile; fileRef = 5B7030342AC3CE94003B379D /* WatchLandmarks_Watch_AppUITests.swift */; };
		5B7030372AC3CE94003B379D /* WatchLandmarks_Watch_AppUITestsLaunchTests.swift in Sources */ = {isa = PBXBuildFile; fileRef = 5B7030362AC3CE94003B379D /* WatchLandmarks_Watch_AppUITestsLaunchTests.swift */; };
		5B70303A2AC3CE94003B379D /* WatchLandmarks Watch App.app in Embed Watch Content */ = {isa = PBXBuildFile; fileRef = 5B7030172AC3CE8F003B379D /* WatchLandmarks Watch App.app */; settings = {ATTRIBUTES = (RemoveHeadersOnCopy, ); }; };
		5B7030452AC3D002003B379D /* CircleImage.swift in Sources */ = {isa = PBXBuildFile; fileRef = 5BCB87FD2AC0CBF700E349D7 /* CircleImage.swift */; };
		5B7030462AC3D002003B379D /* LandmarksApp.swift in Sources */ = {isa = PBXBuildFile; fileRef = 5BCB87D12AC0C81300E349D7 /* LandmarksApp.swift */; };
		5B7030472AC3D002003B379D /* Profile.swift in Sources */ = {isa = PBXBuildFile; fileRef = 5BCB88392AC10F8C00E349D7 /* Profile.swift */; };
		5B7030482AC3D002003B379D /* MapView.swift in Sources */ = {isa = PBXBuildFile; fileRef = 5BCB87FF2AC0CCC700E349D7 /* MapView.swift */; };
		5B7030492AC3D002003B379D /* Landmark.swift in Sources */ = {isa = PBXBuildFile; fileRef = 5BCB88082AC0D1BE00E349D7 /* Landmark.swift */; };
		5B70304A2AC3D002003B379D /* Assets.xcassets in Resources */ = {isa = PBXBuildFile; fileRef = 5BCB87D52AC0C81500E349D7 /* Assets.xcassets */; };
		5B70304B2AC3D002003B379D /* hikeData.json in Resources */ = {isa = PBXBuildFile; fileRef = 5BCB88252AC0FF5D00E349D7 /* hikeData.json */; };
		5B70304C2AC3D002003B379D /* landmarkData.json in Resources */ = {isa = PBXBuildFile; fileRef = 5BCB88042AC0D16800E349D7 /* landmarkData.json */; };
		5B70304D2AC3D002003B379D /* LandmarkRow.swift in Sources */ = {isa = PBXBuildFile; fileRef = 5BCB880F2AC0D57C00E349D7 /* LandmarkRow.swift */; };
		5B70304E2AC3D002003B379D /* Hike.swift in Sources */ = {isa = PBXBuildFile; fileRef = 5BCB88272AC0FF7200E349D7 /* Hike.swift */; };
		5B70304F2AC3D002003B379D /* ModelData.swift in Sources */ = {isa = PBXBuildFile; fileRef = 5BCB880A2AC0D44C00E349D7 /* ModelData.swift */; };
		5B7030522AC3D07F003B379D /* LandmarkDetail.swift in Sources */ = {isa = PBXBuildFile; fileRef = 5B7030512AC3D07F003B379D /* LandmarkDetail.swift */; };
		5B7030542AC4EE08003B379D /* NotificationView.swift in Sources */ = {isa = PBXBuildFile; fileRef = 5B7030532AC4EE08003B379D /* NotificationView.swift */; };
		5B7030562AC4EF58003B379D /* NotificationController.swift in Sources */ = {isa = PBXBuildFile; fileRef = 5B7030552AC4EF58003B379D /* NotificationController.swift */; };
		5B7030582AC4F12A003B379D /* PushNotificationPayload.apns in Resources */ = {isa = PBXBuildFile; fileRef = 5B7030572AC4F12A003B379D /* PushNotificationPayload.apns */; };
		5B7030622AC4F52D003B379D /* ContentView.swift in Sources */ = {isa = PBXBuildFile; fileRef = 5B7030612AC4F52D003B379D /* ContentView.swift */; };
		5B7030642AC4F530003B379D /* Assets.xcassets in Resources */ = {isa = PBXBuildFile; fileRef = 5B7030632AC4F530003B379D /* Assets.xcassets */; };
		5B7030672AC4F530003B379D /* Preview Assets.xcassets in Resources */ = {isa = PBXBuildFile; fileRef = 5B7030662AC4F530003B379D /* Preview Assets.xcassets */; };
		5B7030722AC4F531003B379D /* MacLandmarksTests.swift in Sources */ = {isa = PBXBuildFile; fileRef = 5B7030712AC4F531003B379D /* MacLandmarksTests.swift */; };
		5B70307C2AC4F532003B379D /* MacLandmarksUITests.swift in Sources */ = {isa = PBXBuildFile; fileRef = 5B70307B2AC4F532003B379D /* MacLandmarksUITests.swift */; };
		5B70307E2AC4F532003B379D /* MacLandmarksUITestsLaunchTests.swift in Sources */ = {isa = PBXBuildFile; fileRef = 5B70307D2AC4F532003B379D /* MacLandmarksUITestsLaunchTests.swift */; };
		5B7030882AC4F5D0003B379D /* hikeData.json in Resources */ = {isa = PBXBuildFile; fileRef = 5BCB88252AC0FF5D00E349D7 /* hikeData.json */; };
		5B7030892AC4F5D0003B379D /* ModelData.swift in Sources */ = {isa = PBXBuildFile; fileRef = 5BCB880A2AC0D44C00E349D7 /* ModelData.swift */; };
		5B70308A2AC4F5D0003B379D /* CircleImage.swift in Sources */ = {isa = PBXBuildFile; fileRef = 5BCB87FD2AC0CBF700E349D7 /* CircleImage.swift */; };
		5B70308B2AC4F5D0003B379D /* Assets.xcassets in Resources */ = {isa = PBXBuildFile; fileRef = 5BCB87D52AC0C81500E349D7 /* Assets.xcassets */; };
		5B70308C2AC4F5D0003B379D /* landmarkData.json in Resources */ = {isa = PBXBuildFile; fileRef = 5BCB88042AC0D16800E349D7 /* landmarkData.json */; };
		5B70308D2AC4F5D0003B379D /* Landmark.swift in Sources */ = {isa = PBXBuildFile; fileRef = 5BCB88082AC0D1BE00E349D7 /* Landmark.swift */; };
		5B70308E2AC4F5D0003B379D /* Profile.swift in Sources */ = {isa = PBXBuildFile; fileRef = 5BCB88392AC10F8C00E349D7 /* Profile.swift */; };
		5B70308F2AC4F5D0003B379D /* MapView.swift in Sources */ = {isa = PBXBuildFile; fileRef = 5BCB87FF2AC0CCC700E349D7 /* MapView.swift */; };
		5B7030902AC4F5D0003B379D /* FavoriteButton.swift in Sources */ = {isa = PBXBuildFile; fileRef = 5BCB88152AC0F5A400E349D7 /* FavoriteButton.swift */; };
		5B7030912AC4F5D0003B379D /* LandmarksApp.swift in Sources */ = {isa = PBXBuildFile; fileRef = 5BCB87D12AC0C81300E349D7 /* LandmarksApp.swift */; };
		5B7030922AC4F5D0003B379D /* LandmarkRow.swift in Sources */ = {isa = PBXBuildFile; fileRef = 5BCB880F2AC0D57C00E349D7 /* LandmarkRow.swift */; };
		5B7030932AC4F5D0003B379D /* LandmarkList.swift in Sources */ = {isa = PBXBuildFile; fileRef = 5BCB88112AC0D74D00E349D7 /* LandmarkList.swift */; };
		5B7030942AC4F5D0003B379D /* Hike.swift in Sources */ = {isa = PBXBuildFile; fileRef = 5BCB88272AC0FF7200E349D7 /* Hike.swift */; };
		5B7030962AC4F81A003B379D /* LandmarkDetail.swift in Sources */ = {isa = PBXBuildFile; fileRef = 5B7030952AC4F81A003B379D /* LandmarkDetail.swift */; };
		5B7030982AC4FC17003B379D /* LandmarkList.swift in Sources */ = {isa = PBXBuildFile; fileRef = 5B7030972AC4FC17003B379D /* LandmarkList.swift */; };
		5B70309C2AC504C3003B379D /* LandmarkCommands.swift in Sources */ = {isa = PBXBuildFile; fileRef = 5B70309B2AC504C3003B379D /* LandmarkCommands.swift */; };
		5B70309D2AC504C3003B379D /* LandmarkCommands.swift in Sources */ = {isa = PBXBuildFile; fileRef = 5B70309B2AC504C3003B379D /* LandmarkCommands.swift */; };
		5BCB87D22AC0C81300E349D7 /* LandmarksApp.swift in Sources */ = {isa = PBXBuildFile; fileRef = 5BCB87D12AC0C81300E349D7 /* LandmarksApp.swift */; };
		5BCB87D42AC0C81300E349D7 /* ContentView.swift in Sources */ = {isa = PBXBuildFile; fileRef = 5BCB87D32AC0C81300E349D7 /* ContentView.swift */; };
		5BCB87D62AC0C81500E349D7 /* Assets.xcassets in Resources */ = {isa = PBXBuildFile; fileRef = 5BCB87D52AC0C81500E349D7 /* Assets.xcassets */; };
		5BCB87D92AC0C81500E349D7 /* Preview Assets.xcassets in Resources */ = {isa = PBXBuildFile; fileRef = 5BCB87D82AC0C81500E349D7 /* Preview Assets.xcassets */; };
		5BCB87E32AC0C81500E349D7 /* LandmarksTests.swift in Sources */ = {isa = PBXBuildFile; fileRef = 5BCB87E22AC0C81500E349D7 /* LandmarksTests.swift */; };
		5BCB87ED2AC0C81500E349D7 /* LandmarksUITests.swift in Sources */ = {isa = PBXBuildFile; fileRef = 5BCB87EC2AC0C81500E349D7 /* LandmarksUITests.swift */; };
		5BCB87EF2AC0C81500E349D7 /* LandmarksUITestsLaunchTests.swift in Sources */ = {isa = PBXBuildFile; fileRef = 5BCB87EE2AC0C81500E349D7 /* LandmarksUITestsLaunchTests.swift */; };
		5BCB87FE2AC0CBF700E349D7 /* CircleImage.swift in Sources */ = {isa = PBXBuildFile; fileRef = 5BCB87FD2AC0CBF700E349D7 /* CircleImage.swift */; };
		5BCB88002AC0CCC700E349D7 /* MapView.swift in Sources */ = {isa = PBXBuildFile; fileRef = 5BCB87FF2AC0CCC700E349D7 /* MapView.swift */; };
		5BCB88052AC0D16800E349D7 /* landmarkData.json in Resources */ = {isa = PBXBuildFile; fileRef = 5BCB88042AC0D16800E349D7 /* landmarkData.json */; };
		5BCB88092AC0D1BE00E349D7 /* Landmark.swift in Sources */ = {isa = PBXBuildFile; fileRef = 5BCB88082AC0D1BE00E349D7 /* Landmark.swift */; };
		5BCB880B2AC0D44C00E349D7 /* ModelData.swift in Sources */ = {isa = PBXBuildFile; fileRef = 5BCB880A2AC0D44C00E349D7 /* ModelData.swift */; };
		5BCB88102AC0D57C00E349D7 /* LandmarkRow.swift in Sources */ = {isa = PBXBuildFile; fileRef = 5BCB880F2AC0D57C00E349D7 /* LandmarkRow.swift */; };
		5BCB88122AC0D74D00E349D7 /* LandmarkList.swift in Sources */ = {isa = PBXBuildFile; fileRef = 5BCB88112AC0D74D00E349D7 /* LandmarkList.swift */; };
		5BCB88142AC0D8AD00E349D7 /* LandmarkDetail.swift in Sources */ = {isa = PBXBuildFile; fileRef = 5BCB88132AC0D8AD00E349D7 /* LandmarkDetail.swift */; };
		5BCB88162AC0F5A400E349D7 /* FavoriteButton.swift in Sources */ = {isa = PBXBuildFile; fileRef = 5BCB88152AC0F5A400E349D7 /* FavoriteButton.swift */; };
		5BCB881A2AC0F7D500E349D7 /* HexagonParameters.swift in Sources */ = {isa = PBXBuildFile; fileRef = 5BCB88192AC0F7D500E349D7 /* HexagonParameters.swift */; };
		5BCB881C2AC0F86000E349D7 /* BadgeBackground.swift in Sources */ = {isa = PBXBuildFile; fileRef = 5BCB881B2AC0F86000E349D7 /* BadgeBackground.swift */; };
		5BCB881E2AC0FB3700E349D7 /* BadgeSymbol.swift in Sources */ = {isa = PBXBuildFile; fileRef = 5BCB881D2AC0FB3700E349D7 /* BadgeSymbol.swift */; };
		5BCB88202AC0FBC600E349D7 /* RotatedBadgeSymbol.swift in Sources */ = {isa = PBXBuildFile; fileRef = 5BCB881F2AC0FBC600E349D7 /* RotatedBadgeSymbol.swift */; };
		5BCB88232AC0FD7400E349D7 /* Badge.swift in Sources */ = {isa = PBXBuildFile; fileRef = 5BCB88222AC0FD7400E349D7 /* Badge.swift */; };
		5BCB88262AC0FF5D00E349D7 /* hikeData.json in Resources */ = {isa = PBXBuildFile; fileRef = 5BCB88252AC0FF5D00E349D7 /* hikeData.json */; };
		5BCB88282AC0FF7200E349D7 /* Hike.swift in Sources */ = {isa = PBXBuildFile; fileRef = 5BCB88272AC0FF7200E349D7 /* Hike.swift */; };
		5BCB882E2AC1044000E349D7 /* GraphCapsule.swift in Sources */ = {isa = PBXBuildFile; fileRef = 5BCB882A2AC1044000E349D7 /* GraphCapsule.swift */; };
		5BCB882F2AC1044000E349D7 /* HikeGraph.swift in Sources */ = {isa = PBXBuildFile; fileRef = 5BCB882B2AC1044000E349D7 /* HikeGraph.swift */; };
		5BCB88302AC1044000E349D7 /* HikeDetail.swift in Sources */ = {isa = PBXBuildFile; fileRef = 5BCB882C2AC1044000E349D7 /* HikeDetail.swift */; };
		5BCB88312AC1044000E349D7 /* HikeView.swift in Sources */ = {isa = PBXBuildFile; fileRef = 5BCB882D2AC1044000E349D7 /* HikeView.swift */; };
		5BCB88342AC1083300E349D7 /* CategoryHome.swift in Sources */ = {isa = PBXBuildFile; fileRef = 5BCB88332AC1083300E349D7 /* CategoryHome.swift */; };
		5BCB88362AC109D300E349D7 /* CategoryRow.swift in Sources */ = {isa = PBXBuildFile; fileRef = 5BCB88352AC109D300E349D7 /* CategoryRow.swift */; };
		5BCB88382AC10B0A00E349D7 /* CategoryItem.swift in Sources */ = {isa = PBXBuildFile; fileRef = 5BCB88372AC10B0A00E349D7 /* CategoryItem.swift */; };
		5BCB883A2AC10F8C00E349D7 /* Profile.swift in Sources */ = {isa = PBXBuildFile; fileRef = 5BCB88392AC10F8C00E349D7 /* Profile.swift */; };
		5BCB883D2AC1104800E349D7 /* ProfileHost.swift in Sources */ = {isa = PBXBuildFile; fileRef = 5BCB883C2AC1104800E349D7 /* ProfileHost.swift */; };
		5BCB883F2AC1109000E349D7 /* ProfileSummary.swift in Sources */ = {isa = PBXBuildFile; fileRef = 5BCB883E2AC1109000E349D7 /* ProfileSummary.swift */; };
		5BCB88412AC1119600E349D7 /* HikeBadge.swift in Sources */ = {isa = PBXBuildFile; fileRef = 5BCB88402AC1119600E349D7 /* HikeBadge.swift */; };
/* End PBXBuildFile section */

/* Begin PBXContainerItemProxy section */
		5B7030272AC3CE93003B379D /* PBXContainerItemProxy */ = {
			isa = PBXContainerItemProxy;
			containerPortal = 5BCB87C62AC0C81300E349D7 /* Project object */;
			proxyType = 1;
			remoteGlobalIDString = 5B7030162AC3CE8F003B379D;
			remoteInfo = "WatchLandmarks Watch App";
		};
		5B7030312AC3CE93003B379D /* PBXContainerItemProxy */ = {
			isa = PBXContainerItemProxy;
			containerPortal = 5BCB87C62AC0C81300E349D7 /* Project object */;
			proxyType = 1;
			remoteGlobalIDString = 5B7030162AC3CE8F003B379D;
			remoteInfo = "WatchLandmarks Watch App";
		};
		5B7030382AC3CE94003B379D /* PBXContainerItemProxy */ = {
			isa = PBXContainerItemProxy;
			containerPortal = 5BCB87C62AC0C81300E349D7 /* Project object */;
			proxyType = 1;
			remoteGlobalIDString = 5B7030162AC3CE8F003B379D;
			remoteInfo = "WatchLandmarks Watch App";
		};
		5B70306E2AC4F530003B379D /* PBXContainerItemProxy */ = {
			isa = PBXContainerItemProxy;
			containerPortal = 5BCB87C62AC0C81300E349D7 /* Project object */;
			proxyType = 1;
			remoteGlobalIDString = 5B70305C2AC4F52D003B379D;
			remoteInfo = MacLandmarks;
		};
		5B7030782AC4F532003B379D /* PBXContainerItemProxy */ = {
			isa = PBXContainerItemProxy;
			containerPortal = 5BCB87C62AC0C81300E349D7 /* Project object */;
			proxyType = 1;
			remoteGlobalIDString = 5B70305C2AC4F52D003B379D;
			remoteInfo = MacLandmarks;
		};
		5BCB87DF2AC0C81500E349D7 /* PBXContainerItemProxy */ = {
			isa = PBXContainerItemProxy;
			containerPortal = 5BCB87C62AC0C81300E349D7 /* Project object */;
			proxyType = 1;
			remoteGlobalIDString = 5BCB87CD2AC0C81300E349D7;
			remoteInfo = Landmarks;
		};
		5BCB87E92AC0C81500E349D7 /* PBXContainerItemProxy */ = {
			isa = PBXContainerItemProxy;
			containerPortal = 5BCB87C62AC0C81300E349D7 /* Project object */;
			proxyType = 1;
			remoteGlobalIDString = 5BCB87CD2AC0C81300E349D7;
			remoteInfo = Landmarks;
		};
/* End PBXContainerItemProxy section */

/* Begin PBXCopyFilesBuildPhase section */
		5B70303E2AC3CE94003B379D /* Embed Watch Content */ = {
			isa = PBXCopyFilesBuildPhase;
			buildActionMask = 2147483647;
			dstPath = "$(CONTENTS_FOLDER_PATH)/Watch";
			dstSubfolderSpec = 16;
			files = (
				5B70303A2AC3CE94003B379D /* WatchLandmarks Watch App.app in Embed Watch Content */,
			);
			name = "Embed Watch Content";
			runOnlyForDeploymentPostprocessing = 0;
		};
/* End PBXCopyFilesBuildPhase section */

/* Begin PBXFileReference section */
		5B7030082AC3C02C003B379D /* ProfileEditor.swift */ = {isa = PBXFileReference; lastKnownFileType = sourcecode.swift; path = ProfileEditor.swift; sourceTree = "<group>"; };
		5B70300B2AC3C409003B379D /* PageViewController.swift */ = {isa = PBXFileReference; lastKnownFileType = sourcecode.swift; path = PageViewController.swift; sourceTree = "<group>"; };
		5B70300D2AC3C59C003B379D /* FeatureCard.swift */ = {isa = PBXFileReference; lastKnownFileType = sourcecode.swift; path = FeatureCard.swift; sourceTree = "<group>"; };
		5B70300F2AC3C659003B379D /* PageView.swift */ = {isa = PBXFileReference; lastKnownFileType = sourcecode.swift; path = PageView.swift; sourceTree = "<group>"; };
		5B7030112AC3CBEE003B379D /* PageControl.swift */ = {isa = PBXFileReference; lastKnownFileType = sourcecode.swift; path = PageControl.swift; sourceTree = "<group>"; };
		5B7030172AC3CE8F003B379D /* WatchLandmarks Watch App.app */ = {isa = PBXFileReference; explicitFileType = wrapper.application; includeInIndex = 0; path = "WatchLandmarks Watch App.app"; sourceTree = BUILT_PRODUCTS_DIR; };
		5B70301B2AC3CE90003B379D /* ContentView.swift */ = {isa = PBXFileReference; lastKnownFileType = sourcecode.swift; path = ContentView.swift; sourceTree = "<group>"; };
		5B70301D2AC3CE92003B379D /* Assets.xcassets */ = {isa = PBXFileReference; lastKnownFileType = folder.assetcatalog; path = Assets.xcassets; sourceTree = "<group>"; };
		5B7030202AC3CE92003B379D /* Preview Assets.xcassets */ = {isa = PBXFileReference; lastKnownFileType = folder.assetcatalog; path = "Preview Assets.xcassets"; sourceTree = "<group>"; };
		5B7030262AC3CE93003B379D /* WatchLandmarks Watch AppTests.xctest */ = {isa = PBXFileReference; explicitFileType = wrapper.cfbundle; includeInIndex = 0; path = "WatchLandmarks Watch AppTests.xctest"; sourceTree = BUILT_PRODUCTS_DIR; };
		5B70302A2AC3CE93003B379D /* WatchLandmarks_Watch_AppTests.swift */ = {isa = PBXFileReference; lastKnownFileType = sourcecode.swift; path = WatchLandmarks_Watch_AppTests.swift; sourceTree = "<group>"; };
		5B7030302AC3CE93003B379D /* WatchLandmarks Watch AppUITests.xctest */ = {isa = PBXFileReference; explicitFileType = wrapper.cfbundle; includeInIndex = 0; path = "WatchLandmarks Watch AppUITests.xctest"; sourceTree = BUILT_PRODUCTS_DIR; };
		5B7030342AC3CE94003B379D /* WatchLandmarks_Watch_AppUITests.swift */ = {isa = PBXFileReference; lastKnownFileType = sourcecode.swift; path = WatchLandmarks_Watch_AppUITests.swift; sourceTree = "<group>"; };
		5B7030362AC3CE94003B379D /* WatchLandmarks_Watch_AppUITestsLaunchTests.swift */ = {isa = PBXFileReference; lastKnownFileType = sourcecode.swift; path = WatchLandmarks_Watch_AppUITestsLaunchTests.swift; sourceTree = "<group>"; };
		5B7030512AC3D07F003B379D /* LandmarkDetail.swift */ = {isa = PBXFileReference; lastKnownFileType = sourcecode.swift; path = LandmarkDetail.swift; sourceTree = "<group>"; };
		5B7030532AC4EE08003B379D /* NotificationView.swift */ = {isa = PBXFileReference; lastKnownFileType = sourcecode.swift; path = NotificationView.swift; sourceTree = "<group>"; };
		5B7030552AC4EF58003B379D /* NotificationController.swift */ = {isa = PBXFileReference; lastKnownFileType = sourcecode.swift; path = NotificationController.swift; sourceTree = "<group>"; };
		5B7030572AC4F12A003B379D /* PushNotificationPayload.apns */ = {isa = PBXFileReference; fileEncoding = 4; lastKnownFileType = text; path = PushNotificationPayload.apns; sourceTree = "<group>"; };
		5B70305D2AC4F52D003B379D /* MacLandmarks.app */ = {isa = PBXFileReference; explicitFileType = wrapper.application; includeInIndex = 0; path = MacLandmarks.app; sourceTree = BUILT_PRODUCTS_DIR; };
		5B7030612AC4F52D003B379D /* ContentView.swift */ = {isa = PBXFileReference; lastKnownFileType = sourcecode.swift; path = ContentView.swift; sourceTree = "<group>"; };
		5B7030632AC4F530003B379D /* Assets.xcassets */ = {isa = PBXFileReference; lastKnownFileType = folder.assetcatalog; path = Assets.xcassets; sourceTree = "<group>"; };
		5B7030662AC4F530003B379D /* Preview Assets.xcassets */ = {isa = PBXFileReference; lastKnownFileType = folder.assetcatalog; path = "Preview Assets.xcassets"; sourceTree = "<group>"; };
		5B7030682AC4F530003B379D /* MacLandmarks.entitlements */ = {isa = PBXFileReference; lastKnownFileType = text.plist.entitlements; path = MacLandmarks.entitlements; sourceTree = "<group>"; };
		5B70306D2AC4F530003B379D /* MacLandmarksTests.xctest */ = {isa = PBXFileReference; explicitFileType = wrapper.cfbundle; includeInIndex = 0; path = MacLandmarksTests.xctest; sourceTree = BUILT_PRODUCTS_DIR; };
		5B7030712AC4F531003B379D /* MacLandmarksTests.swift */ = {isa = PBXFileReference; lastKnownFileType = sourcecode.swift; path = MacLandmarksTests.swift; sourceTree = "<group>"; };
		5B7030772AC4F532003B379D /* MacLandmarksUITests.xctest */ = {isa = PBXFileReference; explicitFileType = wrapper.cfbundle; includeInIndex = 0; path = MacLandmarksUITests.xctest; sourceTree = BUILT_PRODUCTS_DIR; };
		5B70307B2AC4F532003B379D /* MacLandmarksUITests.swift */ = {isa = PBXFileReference; lastKnownFileType = sourcecode.swift; path = MacLandmarksUITests.swift; sourceTree = "<group>"; };
		5B70307D2AC4F532003B379D /* MacLandmarksUITestsLaunchTests.swift */ = {isa = PBXFileReference; lastKnownFileType = sourcecode.swift; path = MacLandmarksUITestsLaunchTests.swift; sourceTree = "<group>"; };
		5B7030952AC4F81A003B379D /* LandmarkDetail.swift */ = {isa = PBXFileReference; lastKnownFileType = sourcecode.swift; path = LandmarkDetail.swift; sourceTree = "<group>"; };
		5B7030972AC4FC17003B379D /* LandmarkList.swift */ = {isa = PBXFileReference; lastKnownFileType = sourcecode.swift; path = LandmarkList.swift; sourceTree = "<group>"; };
		5B70309B2AC504C3003B379D /* LandmarkCommands.swift */ = {isa = PBXFileReference; lastKnownFileType = sourcecode.swift; path = LandmarkCommands.swift; sourceTree = "<group>"; };
		5BCB87CE2AC0C81300E349D7 /* Landmarks.app */ = {isa = PBXFileReference; explicitFileType = wrapper.application; includeInIndex = 0; path = Landmarks.app; sourceTree = BUILT_PRODUCTS_DIR; };
		5BCB87D12AC0C81300E349D7 /* LandmarksApp.swift */ = {isa = PBXFileReference; lastKnownFileType = sourcecode.swift; path = LandmarksApp.swift; sourceTree = "<group>"; };
		5BCB87D32AC0C81300E349D7 /* ContentView.swift */ = {isa = PBXFileReference; lastKnownFileType = sourcecode.swift; path = ContentView.swift; sourceTree = "<group>"; };
		5BCB87D52AC0C81500E349D7 /* Assets.xcassets */ = {isa = PBXFileReference; lastKnownFileType = folder.assetcatalog; path = Assets.xcassets; sourceTree = "<group>"; };
		5BCB87D82AC0C81500E349D7 /* Preview Assets.xcassets */ = {isa = PBXFileReference; lastKnownFileType = folder.assetcatalog; path = "Preview Assets.xcassets"; sourceTree = "<group>"; };
		5BCB87DE2AC0C81500E349D7 /* LandmarksTests.xctest */ = {isa = PBXFileReference; explicitFileType = wrapper.cfbundle; includeInIndex = 0; path = LandmarksTests.xctest; sourceTree = BUILT_PRODUCTS_DIR; };
		5BCB87E22AC0C81500E349D7 /* LandmarksTests.swift */ = {isa = PBXFileReference; lastKnownFileType = sourcecode.swift; path = LandmarksTests.swift; sourceTree = "<group>"; };
		5BCB87E82AC0C81500E349D7 /* LandmarksUITests.xctest */ = {isa = PBXFileReference; explicitFileType = wrapper.cfbundle; includeInIndex = 0; path = LandmarksUITests.xctest; sourceTree = BUILT_PRODUCTS_DIR; };
		5BCB87EC2AC0C81500E349D7 /* LandmarksUITests.swift */ = {isa = PBXFileReference; lastKnownFileType = sourcecode.swift; path = LandmarksUITests.swift; sourceTree = "<group>"; };
		5BCB87EE2AC0C81500E349D7 /* LandmarksUITestsLaunchTests.swift */ = {isa = PBXFileReference; lastKnownFileType = sourcecode.swift; path = LandmarksUITestsLaunchTests.swift; sourceTree = "<group>"; };
		5BCB87FD2AC0CBF700E349D7 /* CircleImage.swift */ = {isa = PBXFileReference; lastKnownFileType = sourcecode.swift; path = CircleImage.swift; sourceTree = "<group>"; };
		5BCB87FF2AC0CCC700E349D7 /* MapView.swift */ = {isa = PBXFileReference; lastKnownFileType = sourcecode.swift; path = MapView.swift; sourceTree = "<group>"; };
		5BCB88042AC0D16800E349D7 /* landmarkData.json */ = {isa = PBXFileReference; fileEncoding = 4; lastKnownFileType = text.json; path = landmarkData.json; sourceTree = "<group>"; };
		5BCB88082AC0D1BE00E349D7 /* Landmark.swift */ = {isa = PBXFileReference; lastKnownFileType = sourcecode.swift; path = Landmark.swift; sourceTree = "<group>"; };
		5BCB880A2AC0D44C00E349D7 /* ModelData.swift */ = {isa = PBXFileReference; lastKnownFileType = sourcecode.swift; path = ModelData.swift; sourceTree = "<group>"; };
		5BCB880F2AC0D57C00E349D7 /* LandmarkRow.swift */ = {isa = PBXFileReference; lastKnownFileType = sourcecode.swift; path = LandmarkRow.swift; sourceTree = "<group>"; };
		5BCB88112AC0D74D00E349D7 /* LandmarkList.swift */ = {isa = PBXFileReference; lastKnownFileType = sourcecode.swift; path = LandmarkList.swift; sourceTree = "<group>"; };
		5BCB88132AC0D8AD00E349D7 /* LandmarkDetail.swift */ = {isa = PBXFileReference; lastKnownFileType = sourcecode.swift; path = LandmarkDetail.swift; sourceTree = "<group>"; };
		5BCB88152AC0F5A400E349D7 /* FavoriteButton.swift */ = {isa = PBXFileReference; lastKnownFileType = sourcecode.swift; path = FavoriteButton.swift; sourceTree = "<group>"; };
		5BCB88192AC0F7D500E349D7 /* HexagonParameters.swift */ = {isa = PBXFileReference; lastKnownFileType = sourcecode.swift; path = HexagonParameters.swift; sourceTree = "<group>"; };
		5BCB881B2AC0F86000E349D7 /* BadgeBackground.swift */ = {isa = PBXFileReference; lastKnownFileType = sourcecode.swift; path = BadgeBackground.swift; sourceTree = "<group>"; };
		5BCB881D2AC0FB3700E349D7 /* BadgeSymbol.swift */ = {isa = PBXFileReference; lastKnownFileType = sourcecode.swift; path = BadgeSymbol.swift; sourceTree = "<group>"; };
		5BCB881F2AC0FBC600E349D7 /* RotatedBadgeSymbol.swift */ = {isa = PBXFileReference; lastKnownFileType = sourcecode.swift; path = RotatedBadgeSymbol.swift; sourceTree = "<group>"; };
		5BCB88222AC0FD7400E349D7 /* Badge.swift */ = {isa = PBXFileReference; lastKnownFileType = sourcecode.swift; path = Badge.swift; sourceTree = "<group>"; };
		5BCB88252AC0FF5D00E349D7 /* hikeData.json */ = {isa = PBXFileReference; fileEncoding = 4; lastKnownFileType = text.json; path = hikeData.json; sourceTree = "<group>"; };
		5BCB88272AC0FF7200E349D7 /* Hike.swift */ = {isa = PBXFileReference; lastKnownFileType = sourcecode.swift; path = Hike.swift; sourceTree = "<group>"; };
		5BCB882A2AC1044000E349D7 /* GraphCapsule.swift */ = {isa = PBXFileReference; fileEncoding = 4; lastKnownFileType = sourcecode.swift; path = GraphCapsule.swift; sourceTree = "<group>"; };
		5BCB882B2AC1044000E349D7 /* HikeGraph.swift */ = {isa = PBXFileReference; fileEncoding = 4; lastKnownFileType = sourcecode.swift; path = HikeGraph.swift; sourceTree = "<group>"; };
		5BCB882C2AC1044000E349D7 /* HikeDetail.swift */ = {isa = PBXFileReference; fileEncoding = 4; lastKnownFileType = sourcecode.swift; path = HikeDetail.swift; sourceTree = "<group>"; };
		5BCB882D2AC1044000E349D7 /* HikeView.swift */ = {isa = PBXFileReference; fileEncoding = 4; lastKnownFileType = sourcecode.swift; path = HikeView.swift; sourceTree = "<group>"; };
		5BCB88332AC1083300E349D7 /* CategoryHome.swift */ = {isa = PBXFileReference; lastKnownFileType = sourcecode.swift; path = CategoryHome.swift; sourceTree = "<group>"; };
		5BCB88352AC109D300E349D7 /* CategoryRow.swift */ = {isa = PBXFileReference; lastKnownFileType = sourcecode.swift; path = CategoryRow.swift; sourceTree = "<group>"; };
		5BCB88372AC10B0A00E349D7 /* CategoryItem.swift */ = {isa = PBXFileReference; lastKnownFileType = sourcecode.swift; path = CategoryItem.swift; sourceTree = "<group>"; };
		5BCB88392AC10F8C00E349D7 /* Profile.swift */ = {isa = PBXFileReference; lastKnownFileType = sourcecode.swift; path = Profile.swift; sourceTree = "<group>"; };
		5BCB883C2AC1104800E349D7 /* ProfileHost.swift */ = {isa = PBXFileReference; lastKnownFileType = sourcecode.swift; path = ProfileHost.swift; sourceTree = "<group>"; };
		5BCB883E2AC1109000E349D7 /* ProfileSummary.swift */ = {isa = PBXFileReference; lastKnownFileType = sourcecode.swift; path = ProfileSummary.swift; sourceTree = "<group>"; };
		5BCB88402AC1119600E349D7 /* HikeBadge.swift */ = {isa = PBXFileReference; lastKnownFileType = sourcecode.swift; path = HikeBadge.swift; sourceTree = "<group>"; };
/* End PBXFileReference section */

/* Begin PBXFrameworksBuildPhase section */
		5B7030142AC3CE8F003B379D /* Frameworks */ = {
			isa = PBXFrameworksBuildPhase;
			buildActionMask = 2147483647;
			files = (
			);
			runOnlyForDeploymentPostprocessing = 0;
		};
		5B7030232AC3CE93003B379D /* Frameworks */ = {
			isa = PBXFrameworksBuildPhase;
			buildActionMask = 2147483647;
			files = (
			);
			runOnlyForDeploymentPostprocessing = 0;
		};
		5B70302D2AC3CE93003B379D /* Frameworks */ = {
			isa = PBXFrameworksBuildPhase;
			buildActionMask = 2147483647;
			files = (
			);
			runOnlyForDeploymentPostprocessing = 0;
		};
		5B70305A2AC4F52D003B379D /* Frameworks */ = {
			isa = PBXFrameworksBuildPhase;
			buildActionMask = 2147483647;
			files = (
			);
			runOnlyForDeploymentPostprocessing = 0;
		};
		5B70306A2AC4F530003B379D /* Frameworks */ = {
			isa = PBXFrameworksBuildPhase;
			buildActionMask = 2147483647;
			files = (
			);
			runOnlyForDeploymentPostprocessing = 0;
		};
		5B7030742AC4F531003B379D /* Frameworks */ = {
			isa = PBXFrameworksBuildPhase;
			buildActionMask = 2147483647;
			files = (
			);
			runOnlyForDeploymentPostprocessing = 0;
		};
		5BCB87CB2AC0C81300E349D7 /* Frameworks */ = {
			isa = PBXFrameworksBuildPhase;
			buildActionMask = 2147483647;
			files = (
			);
			runOnlyForDeploymentPostprocessing = 0;
		};
		5BCB87DB2AC0C81500E349D7 /* Frameworks */ = {
			isa = PBXFrameworksBuildPhase;
			buildActionMask = 2147483647;
			files = (
			);
			runOnlyForDeploymentPostprocessing = 0;
		};
		5BCB87E52AC0C81500E349D7 /* Frameworks */ = {
			isa = PBXFrameworksBuildPhase;
			buildActionMask = 2147483647;
			files = (
			);
			runOnlyForDeploymentPostprocessing = 0;
		};
/* End PBXFrameworksBuildPhase section */

/* Begin PBXGroup section */
		5B70300A2AC3C3EA003B379D /* PageView */ = {
			isa = PBXGroup;
			children = (
				5B70300B2AC3C409003B379D /* PageViewController.swift */,
				5B70300D2AC3C59C003B379D /* FeatureCard.swift */,
				5B70300F2AC3C659003B379D /* PageView.swift */,
				5B7030112AC3CBEE003B379D /* PageControl.swift */,
			);
			path = PageView;
			sourceTree = "<group>";
		};
		5B7030182AC3CE90003B379D /* WatchLandmarks Watch App */ = {
			isa = PBXGroup;
			children = (
				5B70301B2AC3CE90003B379D /* ContentView.swift */,
				5B7030512AC3D07F003B379D /* LandmarkDetail.swift */,
				5B70301D2AC3CE92003B379D /* Assets.xcassets */,
				5B70301F2AC3CE92003B379D /* Preview Content */,
				5B7030532AC4EE08003B379D /* NotificationView.swift */,
				5B7030552AC4EF58003B379D /* NotificationController.swift */,
				5B7030572AC4F12A003B379D /* PushNotificationPayload.apns */,
				5B7030972AC4FC17003B379D /* LandmarkList.swift */,
			);
			path = "WatchLandmarks Watch App";
			sourceTree = "<group>";
		};
		5B70301F2AC3CE92003B379D /* Preview Content */ = {
			isa = PBXGroup;
			children = (
				5B7030202AC3CE92003B379D /* Preview Assets.xcassets */,
			);
			path = "Preview Content";
			sourceTree = "<group>";
		};
		5B7030292AC3CE93003B379D /* WatchLandmarks Watch AppTests */ = {
			isa = PBXGroup;
			children = (
				5B70302A2AC3CE93003B379D /* WatchLandmarks_Watch_AppTests.swift */,
			);
			path = "WatchLandmarks Watch AppTests";
			sourceTree = "<group>";
		};
		5B7030332AC3CE94003B379D /* WatchLandmarks Watch AppUITests */ = {
			isa = PBXGroup;
			children = (
				5B7030342AC3CE94003B379D /* WatchLandmarks_Watch_AppUITests.swift */,
				5B7030362AC3CE94003B379D /* WatchLandmarks_Watch_AppUITestsLaunchTests.swift */,
			);
			path = "WatchLandmarks Watch AppUITests";
			sourceTree = "<group>";
		};
		5B70305E2AC4F52D003B379D /* MacLandmarks */ = {
			isa = PBXGroup;
			children = (
				5B7030612AC4F52D003B379D /* ContentView.swift */,
				5B7030632AC4F530003B379D /* Assets.xcassets */,
				5B7030682AC4F530003B379D /* MacLandmarks.entitlements */,
				5B7030652AC4F530003B379D /* Preview Content */,
				5B7030952AC4F81A003B379D /* LandmarkDetail.swift */,
			);
			path = MacLandmarks;
			sourceTree = "<group>";
		};
		5B7030652AC4F530003B379D /* Preview Content */ = {
			isa = PBXGroup;
			children = (
				5B7030662AC4F530003B379D /* Preview Assets.xcassets */,
			);
			path = "Preview Content";
			sourceTree = "<group>";
		};
		5B7030702AC4F531003B379D /* MacLandmarksTests */ = {
			isa = PBXGroup;
			children = (
				5B7030712AC4F531003B379D /* MacLandmarksTests.swift */,
			);
			path = MacLandmarksTests;
			sourceTree = "<group>";
		};
		5B70307A2AC4F532003B379D /* MacLandmarksUITests */ = {
			isa = PBXGroup;
			children = (
				5B70307B2AC4F532003B379D /* MacLandmarksUITests.swift */,
				5B70307D2AC4F532003B379D /* MacLandmarksUITestsLaunchTests.swift */,
			);
			path = MacLandmarksUITests;
			sourceTree = "<group>";
		};
		5BCB87C52AC0C81300E349D7 = {
			isa = PBXGroup;
			children = (
				5BCB87D02AC0C81300E349D7 /* Landmarks */,
				5BCB87E12AC0C81500E349D7 /* LandmarksTests */,
				5BCB87EB2AC0C81500E349D7 /* LandmarksUITests */,
				5B7030182AC3CE90003B379D /* WatchLandmarks Watch App */,
				5B7030292AC3CE93003B379D /* WatchLandmarks Watch AppTests */,
				5B7030332AC3CE94003B379D /* WatchLandmarks Watch AppUITests */,
				5B70305E2AC4F52D003B379D /* MacLandmarks */,
				5B7030702AC4F531003B379D /* MacLandmarksTests */,
				5B70307A2AC4F532003B379D /* MacLandmarksUITests */,
				5BCB87CF2AC0C81300E349D7 /* Products */,
			);
			sourceTree = "<group>";
		};
		5BCB87CF2AC0C81300E349D7 /* Products */ = {
			isa = PBXGroup;
			children = (
				5BCB87CE2AC0C81300E349D7 /* Landmarks.app */,
				5BCB87DE2AC0C81500E349D7 /* LandmarksTests.xctest */,
				5BCB87E82AC0C81500E349D7 /* LandmarksUITests.xctest */,
				5B7030172AC3CE8F003B379D /* WatchLandmarks Watch App.app */,
				5B7030262AC3CE93003B379D /* WatchLandmarks Watch AppTests.xctest */,
				5B7030302AC3CE93003B379D /* WatchLandmarks Watch AppUITests.xctest */,
				5B70305D2AC4F52D003B379D /* MacLandmarks.app */,
				5B70306D2AC4F530003B379D /* MacLandmarksTests.xctest */,
				5B7030772AC4F532003B379D /* MacLandmarksUITests.xctest */,
			);
			name = Products;
			sourceTree = "<group>";
		};
		5BCB87D02AC0C81300E349D7 /* Landmarks */ = {
			isa = PBXGroup;
			children = (
				5BCB87D12AC0C81300E349D7 /* LandmarksApp.swift */,
				5BCB880C2AC0D52400E349D7 /* Views */,
				5BCB880E2AC0D54600E349D7 /* Model */,
				5BCB87D52AC0C81500E349D7 /* Assets.xcassets */,
				5BCB880D2AC0D52F00E349D7 /* Resources */,
				5BCB87D72AC0C81500E349D7 /* Preview Content */,
			);
			path = Landmarks;
			sourceTree = "<group>";
		};
		5BCB87D72AC0C81500E349D7 /* Preview Content */ = {
			isa = PBXGroup;
			children = (
				5BCB87D82AC0C81500E349D7 /* Preview Assets.xcassets */,
			);
			path = "Preview Content";
			sourceTree = "<group>";
		};
		5BCB87E12AC0C81500E349D7 /* LandmarksTests */ = {
			isa = PBXGroup;
			children = (
				5BCB87E22AC0C81500E349D7 /* LandmarksTests.swift */,
			);
			path = LandmarksTests;
			sourceTree = "<group>";
		};
		5BCB87EB2AC0C81500E349D7 /* LandmarksUITests */ = {
			isa = PBXGroup;
			children = (
				5BCB87EC2AC0C81500E349D7 /* LandmarksUITests.swift */,
				5BCB87EE2AC0C81500E349D7 /* LandmarksUITestsLaunchTests.swift */,
			);
			path = LandmarksUITests;
			sourceTree = "<group>";
		};
		5BCB880C2AC0D52400E349D7 /* Views */ = {
			isa = PBXGroup;
			children = (
				5BCB87D32AC0C81300E349D7 /* ContentView.swift */,
				5BCB88322AC1082300E349D7 /* Categories */,
				5BCB88172AC0F64800E349D7 /* Landmarks */,
				5B70300A2AC3C3EA003B379D /* PageView */,
				5BCB883B2AC10FE000E349D7 /* Profiles */,
				5BCB88242AC0FE6900E349D7 /* Badges */,
				5BCB88292AC1044000E349D7 /* Hikes */,
				5BCB88182AC0F65A00E349D7 /* Helpers */,
			);
			path = Views;
			sourceTree = "<group>";
		};
		5BCB880D2AC0D52F00E349D7 /* Resources */ = {
			isa = PBXGroup;
			children = (
				5BCB88252AC0FF5D00E349D7 /* hikeData.json */,
				5BCB88042AC0D16800E349D7 /* landmarkData.json */,
			);
			path = Resources;
			sourceTree = "<group>";
		};
		5BCB880E2AC0D54600E349D7 /* Model */ = {
			isa = PBXGroup;
			children = (
				5BCB88082AC0D1BE00E349D7 /* Landmark.swift */,
				5BCB880A2AC0D44C00E349D7 /* ModelData.swift */,
				5BCB88272AC0FF7200E349D7 /* Hike.swift */,
				5BCB88392AC10F8C00E349D7 /* Profile.swift */,
			);
			path = Model;
			sourceTree = "<group>";
		};
		5BCB88172AC0F64800E349D7 /* Landmarks */ = {
			isa = PBXGroup;
			children = (
				5BCB88132AC0D8AD00E349D7 /* LandmarkDetail.swift */,
				5BCB88112AC0D74D00E349D7 /* LandmarkList.swift */,
				5BCB880F2AC0D57C00E349D7 /* LandmarkRow.swift */,
				5B70309B2AC504C3003B379D /* LandmarkCommands.swift */,
			);
			path = Landmarks;
			sourceTree = "<group>";
		};
		5BCB88182AC0F65A00E349D7 /* Helpers */ = {
			isa = PBXGroup;
			children = (
				5BCB87FD2AC0CBF700E349D7 /* CircleImage.swift */,
				5BCB87FF2AC0CCC700E349D7 /* MapView.swift */,
				5BCB88152AC0F5A400E349D7 /* FavoriteButton.swift */,
			);
			path = Helpers;
			sourceTree = "<group>";
		};
		5BCB88242AC0FE6900E349D7 /* Badges */ = {
			isa = PBXGroup;
			children = (
				5BCB88222AC0FD7400E349D7 /* Badge.swift */,
				5BCB881B2AC0F86000E349D7 /* BadgeBackground.swift */,
				5BCB881D2AC0FB3700E349D7 /* BadgeSymbol.swift */,
				5BCB881F2AC0FBC600E349D7 /* RotatedBadgeSymbol.swift */,
				5BCB88192AC0F7D500E349D7 /* HexagonParameters.swift */,
			);
			path = Badges;
			sourceTree = "<group>";
		};
		5BCB88292AC1044000E349D7 /* Hikes */ = {
			isa = PBXGroup;
			children = (
				5BCB882A2AC1044000E349D7 /* GraphCapsule.swift */,
				5BCB882B2AC1044000E349D7 /* HikeGraph.swift */,
				5BCB882C2AC1044000E349D7 /* HikeDetail.swift */,
				5BCB882D2AC1044000E349D7 /* HikeView.swift */,
				5BCB88402AC1119600E349D7 /* HikeBadge.swift */,
			);
			path = Hikes;
			sourceTree = "<group>";
		};
		5BCB88322AC1082300E349D7 /* Categories */ = {
			isa = PBXGroup;
			children = (
				5BCB88332AC1083300E349D7 /* CategoryHome.swift */,
				5BCB88352AC109D300E349D7 /* CategoryRow.swift */,
				5BCB88372AC10B0A00E349D7 /* CategoryItem.swift */,
			);
			path = Categories;
			sourceTree = "<group>";
		};
		5BCB883B2AC10FE000E349D7 /* Profiles */ = {
			isa = PBXGroup;
			children = (
				5BCB883C2AC1104800E349D7 /* ProfileHost.swift */,
				5BCB883E2AC1109000E349D7 /* ProfileSummary.swift */,
				5B7030082AC3C02C003B379D /* ProfileEditor.swift */,
			);
			path = Profiles;
			sourceTree = "<group>";
		};
/* End PBXGroup section */

/* Begin PBXNativeTarget section */
		5B7030162AC3CE8F003B379D /* WatchLandmarks Watch App */ = {
			isa = PBXNativeTarget;
			buildConfigurationList = 5B70303B2AC3CE94003B379D /* Build configuration list for PBXNativeTarget "WatchLandmarks Watch App" */;
			buildPhases = (
				5B7030132AC3CE8F003B379D /* Sources */,
				5B7030142AC3CE8F003B379D /* Frameworks */,
				5B7030152AC3CE8F003B379D /* Resources */,
			);
			buildRules = (
			);
			dependencies = (
			);
			name = "WatchLandmarks Watch App";
			productName = "WatchLandmarks Watch App";
			productReference = 5B7030172AC3CE8F003B379D /* WatchLandmarks Watch App.app */;
			productType = "com.apple.product-type.application";
		};
		5B7030252AC3CE93003B379D /* WatchLandmarks Watch AppTests */ = {
			isa = PBXNativeTarget;
			buildConfigurationList = 5B70303F2AC3CE94003B379D /* Build configuration list for PBXNativeTarget "WatchLandmarks Watch AppTests" */;
			buildPhases = (
				5B7030222AC3CE93003B379D /* Sources */,
				5B7030232AC3CE93003B379D /* Frameworks */,
				5B7030242AC3CE93003B379D /* Resources */,
			);
			buildRules = (
			);
			dependencies = (
				5B7030282AC3CE93003B379D /* PBXTargetDependency */,
			);
			name = "WatchLandmarks Watch AppTests";
			productName = "WatchLandmarks Watch AppTests";
			productReference = 5B7030262AC3CE93003B379D /* WatchLandmarks Watch AppTests.xctest */;
			productType = "com.apple.product-type.bundle.unit-test";
		};
		5B70302F2AC3CE93003B379D /* WatchLandmarks Watch AppUITests */ = {
			isa = PBXNativeTarget;
			buildConfigurationList = 5B7030422AC3CE94003B379D /* Build configuration list for PBXNativeTarget "WatchLandmarks Watch AppUITests" */;
			buildPhases = (
				5B70302C2AC3CE93003B379D /* Sources */,
				5B70302D2AC3CE93003B379D /* Frameworks */,
				5B70302E2AC3CE93003B379D /* Resources */,
			);
			buildRules = (
			);
			dependencies = (
				5B7030322AC3CE93003B379D /* PBXTargetDependency */,
			);
			name = "WatchLandmarks Watch AppUITests";
			productName = "WatchLandmarks Watch AppUITests";
			productReference = 5B7030302AC3CE93003B379D /* WatchLandmarks Watch AppUITests.xctest */;
			productType = "com.apple.product-type.bundle.ui-testing";
		};
		5B70305C2AC4F52D003B379D /* MacLandmarks */ = {
			isa = PBXNativeTarget;
			buildConfigurationList = 5B70307F2AC4F532003B379D /* Build configuration list for PBXNativeTarget "MacLandmarks" */;
			buildPhases = (
				5B7030592AC4F52D003B379D /* Sources */,
				5B70305A2AC4F52D003B379D /* Frameworks */,
				5B70305B2AC4F52D003B379D /* Resources */,
			);
			buildRules = (
			);
			dependencies = (
			);
			name = MacLandmarks;
			productName = MacLandmarks;
			productReference = 5B70305D2AC4F52D003B379D /* MacLandmarks.app */;
			productType = "com.apple.product-type.application";
		};
		5B70306C2AC4F530003B379D /* MacLandmarksTests */ = {
			isa = PBXNativeTarget;
			buildConfigurationList = 5B7030822AC4F532003B379D /* Build configuration list for PBXNativeTarget "MacLandmarksTests" */;
			buildPhases = (
				5B7030692AC4F530003B379D /* Sources */,
				5B70306A2AC4F530003B379D /* Frameworks */,
				5B70306B2AC4F530003B379D /* Resources */,
			);
			buildRules = (
			);
			dependencies = (
				5B70306F2AC4F530003B379D /* PBXTargetDependency */,
			);
			name = MacLandmarksTests;
			productName = MacLandmarksTests;
			productReference = 5B70306D2AC4F530003B379D /* MacLandmarksTests.xctest */;
			productType = "com.apple.product-type.bundle.unit-test";
		};
		5B7030762AC4F531003B379D /* MacLandmarksUITests */ = {
			isa = PBXNativeTarget;
			buildConfigurationList = 5B7030852AC4F532003B379D /* Build configuration list for PBXNativeTarget "MacLandmarksUITests" */;
			buildPhases = (
				5B7030732AC4F531003B379D /* Sources */,
				5B7030742AC4F531003B379D /* Frameworks */,
				5B7030752AC4F531003B379D /* Resources */,
			);
			buildRules = (
			);
			dependencies = (
				5B7030792AC4F532003B379D /* PBXTargetDependency */,
			);
			name = MacLandmarksUITests;
			productName = MacLandmarksUITests;
			productReference = 5B7030772AC4F532003B379D /* MacLandmarksUITests.xctest */;
			productType = "com.apple.product-type.bundle.ui-testing";
		};
		5BCB87CD2AC0C81300E349D7 /* Landmarks */ = {
			isa = PBXNativeTarget;
			buildConfigurationList = 5BCB87F22AC0C81500E349D7 /* Build configuration list for PBXNativeTarget "Landmarks" */;
			buildPhases = (
				5BCB87CA2AC0C81300E349D7 /* Sources */,
				5BCB87CB2AC0C81300E349D7 /* Frameworks */,
				5BCB87CC2AC0C81300E349D7 /* Resources */,
				5B70303E2AC3CE94003B379D /* Embed Watch Content */,
			);
			buildRules = (
			);
			dependencies = (
				5B7030392AC3CE94003B379D /* PBXTargetDependency */,
			);
			name = Landmarks;
			productName = Landmarks;
			productReference = 5BCB87CE2AC0C81300E349D7 /* Landmarks.app */;
			productType = "com.apple.product-type.application";
		};
		5BCB87DD2AC0C81500E349D7 /* LandmarksTests */ = {
			isa = PBXNativeTarget;
			buildConfigurationList = 5BCB87F52AC0C81500E349D7 /* Build configuration list for PBXNativeTarget "LandmarksTests" */;
			buildPhases = (
				5BCB87DA2AC0C81500E349D7 /* Sources */,
				5BCB87DB2AC0C81500E349D7 /* Frameworks */,
				5BCB87DC2AC0C81500E349D7 /* Resources */,
			);
			buildRules = (
			);
			dependencies = (
				5BCB87E02AC0C81500E349D7 /* PBXTargetDependency */,
			);
			name = LandmarksTests;
			productName = LandmarksTests;
			productReference = 5BCB87DE2AC0C81500E349D7 /* LandmarksTests.xctest */;
			productType = "com.apple.product-type.bundle.unit-test";
		};
		5BCB87E72AC0C81500E349D7 /* LandmarksUITests */ = {
			isa = PBXNativeTarget;
			buildConfigurationList = 5BCB87F82AC0C81500E349D7 /* Build configuration list for PBXNativeTarget "LandmarksUITests" */;
			buildPhases = (
				5BCB87E42AC0C81500E349D7 /* Sources */,
				5BCB87E52AC0C81500E349D7 /* Frameworks */,
				5BCB87E62AC0C81500E349D7 /* Resources */,
			);
			buildRules = (
			);
			dependencies = (
				5BCB87EA2AC0C81500E349D7 /* PBXTargetDependency */,
			);
			name = LandmarksUITests;
			productName = LandmarksUITests;
			productReference = 5BCB87E82AC0C81500E349D7 /* LandmarksUITests.xctest */;
			productType = "com.apple.product-type.bundle.ui-testing";
		};
/* End PBXNativeTarget section */

/* Begin PBXProject section */
		5BCB87C62AC0C81300E349D7 /* Project object */ = {
			isa = PBXProject;
			attributes = {
				BuildIndependentTargetsInParallel = 1;
				LastSwiftUpdateCheck = 1500;
				LastUpgradeCheck = 1430;
				TargetAttributes = {
					5B7030162AC3CE8F003B379D = {
						CreatedOnToolsVersion = 15.0;
					};
					5B7030252AC3CE93003B379D = {
						CreatedOnToolsVersion = 15.0;
						TestTargetID = 5B7030162AC3CE8F003B379D;
					};
					5B70302F2AC3CE93003B379D = {
						CreatedOnToolsVersion = 15.0;
						TestTargetID = 5B7030162AC3CE8F003B379D;
					};
					5B70305C2AC4F52D003B379D = {
						CreatedOnToolsVersion = 15.0;
					};
					5B70306C2AC4F530003B379D = {
						CreatedOnToolsVersion = 15.0;
						TestTargetID = 5B70305C2AC4F52D003B379D;
					};
					5B7030762AC4F531003B379D = {
						CreatedOnToolsVersion = 15.0;
						TestTargetID = 5B70305C2AC4F52D003B379D;
					};
					5BCB87CD2AC0C81300E349D7 = {
						CreatedOnToolsVersion = 14.3.1;
					};
					5BCB87DD2AC0C81500E349D7 = {
						CreatedOnToolsVersion = 14.3.1;
						TestTargetID = 5BCB87CD2AC0C81300E349D7;
					};
					5BCB87E72AC0C81500E349D7 = {
						CreatedOnToolsVersion = 14.3.1;
						TestTargetID = 5BCB87CD2AC0C81300E349D7;
					};
				};
			};
			buildConfigurationList = 5BCB87C92AC0C81300E349D7 /* Build configuration list for PBXProject "Landmarks" */;
			compatibilityVersion = "Xcode 14.0";
			developmentRegion = en;
			hasScannedForEncodings = 0;
			knownRegions = (
				en,
				Base,
			);
			mainGroup = 5BCB87C52AC0C81300E349D7;
			productRefGroup = 5BCB87CF2AC0C81300E349D7 /* Products */;
			projectDirPath = "";
			projectRoot = "";
			targets = (
				5BCB87CD2AC0C81300E349D7 /* Landmarks */,
				5BCB87DD2AC0C81500E349D7 /* LandmarksTests */,
				5BCB87E72AC0C81500E349D7 /* LandmarksUITests */,
				5B7030162AC3CE8F003B379D /* WatchLandmarks Watch App */,
				5B7030252AC3CE93003B379D /* WatchLandmarks Watch AppTests */,
				5B70302F2AC3CE93003B379D /* WatchLandmarks Watch AppUITests */,
				5B70305C2AC4F52D003B379D /* MacLandmarks */,
				5B70306C2AC4F530003B379D /* MacLandmarksTests */,
				5B7030762AC4F531003B379D /* MacLandmarksUITests */,
			);
		};
/* End PBXProject section */

/* Begin PBXResourcesBuildPhase section */
		5B7030152AC3CE8F003B379D /* Resources */ = {
			isa = PBXResourcesBuildPhase;
			buildActionMask = 2147483647;
			files = (
				5B70304B2AC3D002003B379D /* hikeData.json in Resources */,
				5B7030212AC3CE92003B379D /* Preview Assets.xcassets in Resources */,
				5B70304A2AC3D002003B379D /* Assets.xcassets in Resources */,
				5B70304C2AC3D002003B379D /* landmarkData.json in Resources */,
				5B70301E2AC3CE92003B379D /* Assets.xcassets in Resources */,
				5B7030582AC4F12A003B379D /* PushNotificationPayload.apns in Resources */,
			);
			runOnlyForDeploymentPostprocessing = 0;
		};
		5B7030242AC3CE93003B379D /* Resources */ = {
			isa = PBXResourcesBuildPhase;
			buildActionMask = 2147483647;
			files = (
			);
			runOnlyForDeploymentPostprocessing = 0;
		};
		5B70302E2AC3CE93003B379D /* Resources */ = {
			isa = PBXResourcesBuildPhase;
			buildActionMask = 2147483647;
			files = (
			);
			runOnlyForDeploymentPostprocessing = 0;
		};
		5B70305B2AC4F52D003B379D /* Resources */ = {
			isa = PBXResourcesBuildPhase;
			buildActionMask = 2147483647;
			files = (
				5B7030672AC4F530003B379D /* Preview Assets.xcassets in Resources */,
				5B7030882AC4F5D0003B379D /* hikeData.json in Resources */,
				5B70308B2AC4F5D0003B379D /* Assets.xcassets in Resources */,
				5B70308C2AC4F5D0003B379D /* landmarkData.json in Resources */,
				5B7030642AC4F530003B379D /* Assets.xcassets in Resources */,
			);
			runOnlyForDeploymentPostprocessing = 0;
		};
		5B70306B2AC4F530003B379D /* Resources */ = {
			isa = PBXResourcesBuildPhase;
			buildActionMask = 2147483647;
			files = (
			);
			runOnlyForDeploymentPostprocessing = 0;
		};
		5B7030752AC4F531003B379D /* Resources */ = {
			isa = PBXResourcesBuildPhase;
			buildActionMask = 2147483647;
			files = (
			);
			runOnlyForDeploymentPostprocessing = 0;
		};
		5BCB87CC2AC0C81300E349D7 /* Resources */ = {
			isa = PBXResourcesBuildPhase;
			buildActionMask = 2147483647;
			files = (
				5BCB88262AC0FF5D00E349D7 /* hikeData.json in Resources */,
				5BCB87D92AC0C81500E349D7 /* Preview Assets.xcassets in Resources */,
				5BCB87D62AC0C81500E349D7 /* Assets.xcassets in Resources */,
				5BCB88052AC0D16800E349D7 /* landmarkData.json in Resources */,
			);
			runOnlyForDeploymentPostprocessing = 0;
		};
		5BCB87DC2AC0C81500E349D7 /* Resources */ = {
			isa = PBXResourcesBuildPhase;
			buildActionMask = 2147483647;
			files = (
			);
			runOnlyForDeploymentPostprocessing = 0;
		};
		5BCB87E62AC0C81500E349D7 /* Resources */ = {
			isa = PBXResourcesBuildPhase;
			buildActionMask = 2147483647;
			files = (
			);
			runOnlyForDeploymentPostprocessing = 0;
		};
/* End PBXResourcesBuildPhase section */

/* Begin PBXSourcesBuildPhase section */
		5B7030132AC3CE8F003B379D /* Sources */ = {
			isa = PBXSourcesBuildPhase;
			buildActionMask = 2147483647;
			files = (
				5B70301C2AC3CE90003B379D /* ContentView.swift in Sources */,
				5B7030472AC3D002003B379D /* Profile.swift in Sources */,
				5B70304F2AC3D002003B379D /* ModelData.swift in Sources */,
				5B7030982AC4FC17003B379D /* LandmarkList.swift in Sources */,
				5B7030482AC3D002003B379D /* MapView.swift in Sources */,
				5B7030462AC3D002003B379D /* LandmarksApp.swift in Sources */,
				5B7030452AC3D002003B379D /* CircleImage.swift in Sources */,
				5B70304D2AC3D002003B379D /* LandmarkRow.swift in Sources */,
				5B70304E2AC3D002003B379D /* Hike.swift in Sources */,
				5B7030492AC3D002003B379D /* Landmark.swift in Sources */,
				5B7030562AC4EF58003B379D /* NotificationController.swift in Sources */,
				5B7030522AC3D07F003B379D /* LandmarkDetail.swift in Sources */,
				5B7030542AC4EE08003B379D /* NotificationView.swift in Sources */,
			);
			runOnlyForDeploymentPostprocessing = 0;
		};
		5B7030222AC3CE93003B379D /* Sources */ = {
			isa = PBXSourcesBuildPhase;
			buildActionMask = 2147483647;
			files = (
				5B70302B2AC3CE93003B379D /* WatchLandmarks_Watch_AppTests.swift in Sources */,
			);
			runOnlyForDeploymentPostprocessing = 0;
		};
		5B70302C2AC3CE93003B379D /* Sources */ = {
			isa = PBXSourcesBuildPhase;
			buildActionMask = 2147483647;
			files = (
				5B7030372AC3CE94003B379D /* WatchLandmarks_Watch_AppUITestsLaunchTests.swift in Sources */,
				5B7030352AC3CE94003B379D /* WatchLandmarks_Watch_AppUITests.swift in Sources */,
			);
			runOnlyForDeploymentPostprocessing = 0;
		};
		5B7030592AC4F52D003B379D /* Sources */ = {
			isa = PBXSourcesBuildPhase;
			buildActionMask = 2147483647;
			files = (
				5B7030622AC4F52D003B379D /* ContentView.swift in Sources */,
				5B70308F2AC4F5D0003B379D /* MapView.swift in Sources */,
				5B70308E2AC4F5D0003B379D /* Profile.swift in Sources */,
				5B7030912AC4F5D0003B379D /* LandmarksApp.swift in Sources */,
				5B70309D2AC504C3003B379D /* LandmarkCommands.swift in Sources */,
				5B7030962AC4F81A003B379D /* LandmarkDetail.swift in Sources */,
				5B7030942AC4F5D0003B379D /* Hike.swift in Sources */,
				5B7030892AC4F5D0003B379D /* ModelData.swift in Sources */,
				5B7030902AC4F5D0003B379D /* FavoriteButton.swift in Sources */,
				5B70308A2AC4F5D0003B379D /* CircleImage.swift in Sources */,
				5B70308D2AC4F5D0003B379D /* Landmark.swift in Sources */,
				5B7030922AC4F5D0003B379D /* LandmarkRow.swift in Sources */,
				5B7030932AC4F5D0003B379D /* LandmarkList.swift in Sources */,
			);
			runOnlyForDeploymentPostprocessing = 0;
		};
		5B7030692AC4F530003B379D /* Sources */ = {
			isa = PBXSourcesBuildPhase;
			buildActionMask = 2147483647;
			files = (
				5B7030722AC4F531003B379D /* MacLandmarksTests.swift in Sources */,
			);
			runOnlyForDeploymentPostprocessing = 0;
		};
		5B7030732AC4F531003B379D /* Sources */ = {
			isa = PBXSourcesBuildPhase;
			buildActionMask = 2147483647;
			files = (
				5B70307E2AC4F532003B379D /* MacLandmarksUITestsLaunchTests.swift in Sources */,
				5B70307C2AC4F532003B379D /* MacLandmarksUITests.swift in Sources */,
			);
			runOnlyForDeploymentPostprocessing = 0;
		};
		5BCB87CA2AC0C81300E349D7 /* Sources */ = {
			isa = PBXSourcesBuildPhase;
			buildActionMask = 2147483647;
			files = (
				5BCB88362AC109D300E349D7 /* CategoryRow.swift in Sources */,
				5BCB883A2AC10F8C00E349D7 /* Profile.swift in Sources */,
				5B70309C2AC504C3003B379D /* LandmarkCommands.swift in Sources */,
				5BCB87D42AC0C81300E349D7 /* ContentView.swift in Sources */,
				5BCB88342AC1083300E349D7 /* CategoryHome.swift in Sources */,
				5B70300E2AC3C59C003B379D /* FeatureCard.swift in Sources */,
				5BCB882F2AC1044000E349D7 /* HikeGraph.swift in Sources */,
				5BCB88232AC0FD7400E349D7 /* Badge.swift in Sources */,
				5BCB88002AC0CCC700E349D7 /* MapView.swift in Sources */,
				5BCB882E2AC1044000E349D7 /* GraphCapsule.swift in Sources */,
				5BCB87D22AC0C81300E349D7 /* LandmarksApp.swift in Sources */,
				5B7030122AC3CBEE003B379D /* PageControl.swift in Sources */,
				5BCB88162AC0F5A400E349D7 /* FavoriteButton.swift in Sources */,
				5BCB88382AC10B0A00E349D7 /* CategoryItem.swift in Sources */,
				5BCB88302AC1044000E349D7 /* HikeDetail.swift in Sources */,
				5BCB883F2AC1109000E349D7 /* ProfileSummary.swift in Sources */,
				5BCB881A2AC0F7D500E349D7 /* HexagonParameters.swift in Sources */,
				5BCB883D2AC1104800E349D7 /* ProfileHost.swift in Sources */,
				5BCB88282AC0FF7200E349D7 /* Hike.swift in Sources */,
				5BCB88202AC0FBC600E349D7 /* RotatedBadgeSymbol.swift in Sources */,
				5B7030102AC3C659003B379D /* PageView.swift in Sources */,
				5BCB881E2AC0FB3700E349D7 /* BadgeSymbol.swift in Sources */,
				5B7030092AC3C02C003B379D /* ProfileEditor.swift in Sources */,
				5BCB88122AC0D74D00E349D7 /* LandmarkList.swift in Sources */,
				5BCB88312AC1044000E349D7 /* HikeView.swift in Sources */,
				5BCB88142AC0D8AD00E349D7 /* LandmarkDetail.swift in Sources */,
				5B70300C2AC3C409003B379D /* PageViewController.swift in Sources */,
				5BCB881C2AC0F86000E349D7 /* BadgeBackground.swift in Sources */,
				5BCB88412AC1119600E349D7 /* HikeBadge.swift in Sources */,
				5BCB87FE2AC0CBF700E349D7 /* CircleImage.swift in Sources */,
				5BCB88092AC0D1BE00E349D7 /* Landmark.swift in Sources */,
				5BCB88102AC0D57C00E349D7 /* LandmarkRow.swift in Sources */,
				5BCB880B2AC0D44C00E349D7 /* ModelData.swift in Sources */,
			);
			runOnlyForDeploymentPostprocessing = 0;
		};
		5BCB87DA2AC0C81500E349D7 /* Sources */ = {
			isa = PBXSourcesBuildPhase;
			buildActionMask = 2147483647;
			files = (
				5BCB87E32AC0C81500E349D7 /* LandmarksTests.swift in Sources */,
			);
			runOnlyForDeploymentPostprocessing = 0;
		};
		5BCB87E42AC0C81500E349D7 /* Sources */ = {
			isa = PBXSourcesBuildPhase;
			buildActionMask = 2147483647;
			files = (
				5BCB87EF2AC0C81500E349D7 /* LandmarksUITestsLaunchTests.swift in Sources */,
				5BCB87ED2AC0C81500E349D7 /* LandmarksUITests.swift in Sources */,
			);
			runOnlyForDeploymentPostprocessing = 0;
		};
/* End PBXSourcesBuildPhase section */

/* Begin PBXTargetDependency section */
		5B7030282AC3CE93003B379D /* PBXTargetDependency */ = {
			isa = PBXTargetDependency;
			target = 5B7030162AC3CE8F003B379D /* WatchLandmarks Watch App */;
			targetProxy = 5B7030272AC3CE93003B379D /* PBXContainerItemProxy */;
		};
		5B7030322AC3CE93003B379D /* PBXTargetDependency */ = {
			isa = PBXTargetDependency;
			target = 5B7030162AC3CE8F003B379D /* WatchLandmarks Watch App */;
			targetProxy = 5B7030312AC3CE93003B379D /* PBXContainerItemProxy */;
		};
		5B7030392AC3CE94003B379D /* PBXTargetDependency */ = {
			isa = PBXTargetDependency;
			target = 5B7030162AC3CE8F003B379D /* WatchLandmarks Watch App */;
			targetProxy = 5B7030382AC3CE94003B379D /* PBXContainerItemProxy */;
		};
		5B70306F2AC4F530003B379D /* PBXTargetDependency */ = {
			isa = PBXTargetDependency;
			target = 5B70305C2AC4F52D003B379D /* MacLandmarks */;
			targetProxy = 5B70306E2AC4F530003B379D /* PBXContainerItemProxy */;
		};
		5B7030792AC4F532003B379D /* PBXTargetDependency */ = {
			isa = PBXTargetDependency;
			target = 5B70305C2AC4F52D003B379D /* MacLandmarks */;
			targetProxy = 5B7030782AC4F532003B379D /* PBXContainerItemProxy */;
		};
		5BCB87E02AC0C81500E349D7 /* PBXTargetDependency */ = {
			isa = PBXTargetDependency;
			target = 5BCB87CD2AC0C81300E349D7 /* Landmarks */;
			targetProxy = 5BCB87DF2AC0C81500E349D7 /* PBXContainerItemProxy */;
		};
		5BCB87EA2AC0C81500E349D7 /* PBXTargetDependency */ = {
			isa = PBXTargetDependency;
			target = 5BCB87CD2AC0C81300E349D7 /* Landmarks */;
			targetProxy = 5BCB87E92AC0C81500E349D7 /* PBXContainerItemProxy */;
		};
/* End PBXTargetDependency section */

/* Begin XCBuildConfiguration section */
		5B70303C2AC3CE94003B379D /* Debug */ = {
			isa = XCBuildConfiguration;
			buildSettings = {
				ASSETCATALOG_COMPILER_APPICON_NAME = AppIcon;
				ASSETCATALOG_COMPILER_GENERATE_SWIFT_ASSET_SYMBOL_EXTENSIONS = YES;
				ASSETCATALOG_COMPILER_GLOBAL_ACCENT_COLOR_NAME = AccentColor;
				CODE_SIGN_STYLE = Automatic;
				CURRENT_PROJECT_VERSION = 1;
				DEVELOPMENT_ASSET_PATHS = "\"WatchLandmarks Watch App/Preview Content\"";
				DEVELOPMENT_TEAM = 7UHHCDBUK2;
				ENABLE_PREVIEWS = YES;
				ENABLE_USER_SCRIPT_SANDBOXING = YES;
				GCC_C_LANGUAGE_STANDARD = gnu17;
				GENERATE_INFOPLIST_FILE = YES;
				INFOPLIST_KEY_CFBundleDisplayName = WatchLandmarks;
				INFOPLIST_KEY_UISupportedInterfaceOrientations = "UIInterfaceOrientationPortrait UIInterfaceOrientationPortraitUpsideDown";
				INFOPLIST_KEY_WKCompanionAppBundleIdentifier = "com.example.apple-samplecode.Landmarks";
				INFOPLIST_KEY_WKRunsIndependentlyOfCompanionApp = YES;
				LD_RUNPATH_SEARCH_PATHS = (
					"$(inherited)",
					"@executable_path/Frameworks",
				);
				LOCALIZATION_PREFERS_STRING_CATALOGS = YES;
				MARKETING_VERSION = 1.0;
				PRODUCT_BUNDLE_IDENTIFIER = "com.example.apple-samplecode.Landmarks.watchkitapp";
				PRODUCT_NAME = "$(TARGET_NAME)";
				SDKROOT = watchos;
				SKIP_INSTALL = YES;
				SWIFT_ACTIVE_COMPILATION_CONDITIONS = "DEBUG $(inherited)";
				SWIFT_EMIT_LOC_STRINGS = YES;
				SWIFT_VERSION = 5.0;
				TARGETED_DEVICE_FAMILY = 4;
				WATCHOS_DEPLOYMENT_TARGET = 10.0;
			};
			name = Debug;
		};
		5B70303D2AC3CE94003B379D /* Release */ = {
			isa = XCBuildConfiguration;
			buildSettings = {
				ASSETCATALOG_COMPILER_APPICON_NAME = AppIcon;
				ASSETCATALOG_COMPILER_GENERATE_SWIFT_ASSET_SYMBOL_EXTENSIONS = YES;
				ASSETCATALOG_COMPILER_GLOBAL_ACCENT_COLOR_NAME = AccentColor;
				CODE_SIGN_STYLE = Automatic;
				CURRENT_PROJECT_VERSION = 1;
				DEVELOPMENT_ASSET_PATHS = "\"WatchLandmarks Watch App/Preview Content\"";
				DEVELOPMENT_TEAM = 7UHHCDBUK2;
				ENABLE_PREVIEWS = YES;
				ENABLE_USER_SCRIPT_SANDBOXING = YES;
				GCC_C_LANGUAGE_STANDARD = gnu17;
				GENERATE_INFOPLIST_FILE = YES;
				INFOPLIST_KEY_CFBundleDisplayName = WatchLandmarks;
				INFOPLIST_KEY_UISupportedInterfaceOrientations = "UIInterfaceOrientationPortrait UIInterfaceOrientationPortraitUpsideDown";
				INFOPLIST_KEY_WKCompanionAppBundleIdentifier = "com.example.apple-samplecode.Landmarks";
				INFOPLIST_KEY_WKRunsIndependentlyOfCompanionApp = YES;
				LD_RUNPATH_SEARCH_PATHS = (
					"$(inherited)",
					"@executable_path/Frameworks",
				);
				LOCALIZATION_PREFERS_STRING_CATALOGS = YES;
				MARKETING_VERSION = 1.0;
				PRODUCT_BUNDLE_IDENTIFIER = "com.example.apple-samplecode.Landmarks.watchkitapp";
				PRODUCT_NAME = "$(TARGET_NAME)";
				SDKROOT = watchos;
				SKIP_INSTALL = YES;
				SWIFT_EMIT_LOC_STRINGS = YES;
				SWIFT_VERSION = 5.0;
				TARGETED_DEVICE_FAMILY = 4;
				WATCHOS_DEPLOYMENT_TARGET = 10.0;
			};
			name = Release;
		};
		5B7030402AC3CE94003B379D /* Debug */ = {
			isa = XCBuildConfiguration;
			buildSettings = {
				ALWAYS_EMBED_SWIFT_STANDARD_LIBRARIES = YES;
				ASSETCATALOG_COMPILER_GENERATE_SWIFT_ASSET_SYMBOL_EXTENSIONS = YES;
				BUNDLE_LOADER = "$(TEST_HOST)";
				CODE_SIGN_STYLE = Automatic;
				CURRENT_PROJECT_VERSION = 1;
				DEVELOPMENT_TEAM = 7UHHCDBUK2;
				ENABLE_USER_SCRIPT_SANDBOXING = YES;
				GCC_C_LANGUAGE_STANDARD = gnu17;
				GENERATE_INFOPLIST_FILE = YES;
				LOCALIZATION_PREFERS_STRING_CATALOGS = YES;
				MARKETING_VERSION = 1.0;
				PRODUCT_BUNDLE_IDENTIFIER = "com.example.apple-samplecode.WatchLandmarks-Watch-AppTests";
				PRODUCT_NAME = "$(TARGET_NAME)";
				SDKROOT = watchos;
				SWIFT_ACTIVE_COMPILATION_CONDITIONS = "DEBUG $(inherited)";
				SWIFT_EMIT_LOC_STRINGS = NO;
				SWIFT_VERSION = 5.0;
				TARGETED_DEVICE_FAMILY = 4;
				TEST_HOST = "$(BUILT_PRODUCTS_DIR)/WatchLandmarks Watch App.app/$(BUNDLE_EXECUTABLE_FOLDER_PATH)/WatchLandmarks Watch App";
				WATCHOS_DEPLOYMENT_TARGET = 10.0;
			};
			name = Debug;
		};
		5B7030412AC3CE94003B379D /* Release */ = {
			isa = XCBuildConfiguration;
			buildSettings = {
				ALWAYS_EMBED_SWIFT_STANDARD_LIBRARIES = YES;
				ASSETCATALOG_COMPILER_GENERATE_SWIFT_ASSET_SYMBOL_EXTENSIONS = YES;
				BUNDLE_LOADER = "$(TEST_HOST)";
				CODE_SIGN_STYLE = Automatic;
				CURRENT_PROJECT_VERSION = 1;
				DEVELOPMENT_TEAM = 7UHHCDBUK2;
				ENABLE_USER_SCRIPT_SANDBOXING = YES;
				GCC_C_LANGUAGE_STANDARD = gnu17;
				GENERATE_INFOPLIST_FILE = YES;
				LOCALIZATION_PREFERS_STRING_CATALOGS = YES;
				MARKETING_VERSION = 1.0;
				PRODUCT_BUNDLE_IDENTIFIER = "com.example.apple-samplecode.WatchLandmarks-Watch-AppTests";
				PRODUCT_NAME = "$(TARGET_NAME)";
				SDKROOT = watchos;
				SWIFT_EMIT_LOC_STRINGS = NO;
				SWIFT_VERSION = 5.0;
				TARGETED_DEVICE_FAMILY = 4;
				TEST_HOST = "$(BUILT_PRODUCTS_DIR)/WatchLandmarks Watch App.app/$(BUNDLE_EXECUTABLE_FOLDER_PATH)/WatchLandmarks Watch App";
				WATCHOS_DEPLOYMENT_TARGET = 10.0;
			};
			name = Release;
		};
		5B7030432AC3CE94003B379D /* Debug */ = {
			isa = XCBuildConfiguration;
			buildSettings = {
				ALWAYS_EMBED_SWIFT_STANDARD_LIBRARIES = YES;
				ASSETCATALOG_COMPILER_GENERATE_SWIFT_ASSET_SYMBOL_EXTENSIONS = YES;
				CODE_SIGN_STYLE = Automatic;
				CURRENT_PROJECT_VERSION = 1;
				DEVELOPMENT_TEAM = 7UHHCDBUK2;
				ENABLE_USER_SCRIPT_SANDBOXING = YES;
				GCC_C_LANGUAGE_STANDARD = gnu17;
				GENERATE_INFOPLIST_FILE = YES;
				LOCALIZATION_PREFERS_STRING_CATALOGS = YES;
				MARKETING_VERSION = 1.0;
				PRODUCT_BUNDLE_IDENTIFIER = "com.example.apple-samplecode.WatchLandmarks-Watch-AppUITests";
				PRODUCT_NAME = "$(TARGET_NAME)";
				SDKROOT = watchos;
				SWIFT_ACTIVE_COMPILATION_CONDITIONS = "DEBUG $(inherited)";
				SWIFT_EMIT_LOC_STRINGS = NO;
				SWIFT_VERSION = 5.0;
				TARGETED_DEVICE_FAMILY = 4;
				TEST_TARGET_NAME = "WatchLandmarks Watch App";
				WATCHOS_DEPLOYMENT_TARGET = 10.0;
			};
			name = Debug;
		};
		5B7030442AC3CE94003B379D /* Release */ = {
			isa = XCBuildConfiguration;
			buildSettings = {
				ALWAYS_EMBED_SWIFT_STANDARD_LIBRARIES = YES;
				ASSETCATALOG_COMPILER_GENERATE_SWIFT_ASSET_SYMBOL_EXTENSIONS = YES;
				CODE_SIGN_STYLE = Automatic;
				CURRENT_PROJECT_VERSION = 1;
				DEVELOPMENT_TEAM = 7UHHCDBUK2;
				ENABLE_USER_SCRIPT_SANDBOXING = YES;
				GCC_C_LANGUAGE_STANDARD = gnu17;
				GENERATE_INFOPLIST_FILE = YES;
				LOCALIZATION_PREFERS_STRING_CATALOGS = YES;
				MARKETING_VERSION = 1.0;
				PRODUCT_BUNDLE_IDENTIFIER = "com.example.apple-samplecode.WatchLandmarks-Watch-AppUITests";
				PRODUCT_NAME = "$(TARGET_NAME)";
				SDKROOT = watchos;
				SWIFT_EMIT_LOC_STRINGS = NO;
				SWIFT_VERSION = 5.0;
				TARGETED_DEVICE_FAMILY = 4;
				TEST_TARGET_NAME = "WatchLandmarks Watch App";
				WATCHOS_DEPLOYMENT_TARGET = 10.0;
			};
			name = Release;
		};
		5B7030802AC4F532003B379D /* Debug */ = {
			isa = XCBuildConfiguration;
			buildSettings = {
				ASSETCATALOG_COMPILER_APPICON_NAME = AppIcon;
				ASSETCATALOG_COMPILER_GENERATE_SWIFT_ASSET_SYMBOL_EXTENSIONS = YES;
				ASSETCATALOG_COMPILER_GLOBAL_ACCENT_COLOR_NAME = AccentColor;
				CODE_SIGN_ENTITLEMENTS = MacLandmarks/MacLandmarks.entitlements;
				CODE_SIGN_STYLE = Automatic;
				COMBINE_HIDPI_IMAGES = YES;
				CURRENT_PROJECT_VERSION = 1;
				DEVELOPMENT_ASSET_PATHS = "\"MacLandmarks/Preview Content\"";
				DEVELOPMENT_TEAM = 7UHHCDBUK2;
				ENABLE_HARDENED_RUNTIME = YES;
				ENABLE_PREVIEWS = YES;
				ENABLE_USER_SCRIPT_SANDBOXING = YES;
				GCC_C_LANGUAGE_STANDARD = gnu17;
				GENERATE_INFOPLIST_FILE = YES;
				INFOPLIST_KEY_NSHumanReadableCopyright = "";
				LD_RUNPATH_SEARCH_PATHS = (
					"$(inherited)",
					"@executable_path/../Frameworks",
				);
				LOCALIZATION_PREFERS_STRING_CATALOGS = YES;
				MACOSX_DEPLOYMENT_TARGET = 13.6;
				MARKETING_VERSION = 1.0;
				PRODUCT_BUNDLE_IDENTIFIER = "com.example.apple-samplecode.MacLandmarks";
				PRODUCT_NAME = "$(TARGET_NAME)";
				SDKROOT = macosx;
				SWIFT_ACTIVE_COMPILATION_CONDITIONS = "DEBUG $(inherited)";
				SWIFT_EMIT_LOC_STRINGS = YES;
				SWIFT_VERSION = 5.0;
			};
			name = Debug;
		};
		5B7030812AC4F532003B379D /* Release */ = {
			isa = XCBuildConfiguration;
			buildSettings = {
				ASSETCATALOG_COMPILER_APPICON_NAME = AppIcon;
				ASSETCATALOG_COMPILER_GENERATE_SWIFT_ASSET_SYMBOL_EXTENSIONS = YES;
				ASSETCATALOG_COMPILER_GLOBAL_ACCENT_COLOR_NAME = AccentColor;
				CODE_SIGN_ENTITLEMENTS = MacLandmarks/MacLandmarks.entitlements;
				CODE_SIGN_STYLE = Automatic;
				COMBINE_HIDPI_IMAGES = YES;
				CURRENT_PROJECT_VERSION = 1;
				DEVELOPMENT_ASSET_PATHS = "\"MacLandmarks/Preview Content\"";
				DEVELOPMENT_TEAM = 7UHHCDBUK2;
				ENABLE_HARDENED_RUNTIME = YES;
				ENABLE_PREVIEWS = YES;
				ENABLE_USER_SCRIPT_SANDBOXING = YES;
				GCC_C_LANGUAGE_STANDARD = gnu17;
				GENERATE_INFOPLIST_FILE = YES;
				INFOPLIST_KEY_NSHumanReadableCopyright = "";
				LD_RUNPATH_SEARCH_PATHS = (
					"$(inherited)",
					"@executable_path/../Frameworks",
				);
				LOCALIZATION_PREFERS_STRING_CATALOGS = YES;
				MACOSX_DEPLOYMENT_TARGET = 13.6;
				MARKETING_VERSION = 1.0;
				PRODUCT_BUNDLE_IDENTIFIER = "com.example.apple-samplecode.MacLandmarks";
				PRODUCT_NAME = "$(TARGET_NAME)";
				SDKROOT = macosx;
				SWIFT_EMIT_LOC_STRINGS = YES;
				SWIFT_VERSION = 5.0;
			};
			name = Release;
		};
		5B7030832AC4F532003B379D /* Debug */ = {
			isa = XCBuildConfiguration;
			buildSettings = {
				ALWAYS_EMBED_SWIFT_STANDARD_LIBRARIES = YES;
				ASSETCATALOG_COMPILER_GENERATE_SWIFT_ASSET_SYMBOL_EXTENSIONS = YES;
				BUNDLE_LOADER = "$(TEST_HOST)";
				CODE_SIGN_STYLE = Automatic;
				CURRENT_PROJECT_VERSION = 1;
				DEVELOPMENT_TEAM = 7UHHCDBUK2;
				ENABLE_USER_SCRIPT_SANDBOXING = YES;
				GCC_C_LANGUAGE_STANDARD = gnu17;
				GENERATE_INFOPLIST_FILE = YES;
				LOCALIZATION_PREFERS_STRING_CATALOGS = YES;
				MACOSX_DEPLOYMENT_TARGET = 13.6;
				MARKETING_VERSION = 1.0;
				PRODUCT_BUNDLE_IDENTIFIER = "com.example.apple-samplecode.MacLandmarksTests";
				PRODUCT_NAME = "$(TARGET_NAME)";
				SDKROOT = macosx;
				SWIFT_ACTIVE_COMPILATION_CONDITIONS = "DEBUG $(inherited)";
				SWIFT_EMIT_LOC_STRINGS = NO;
				SWIFT_VERSION = 5.0;
				TEST_HOST = "$(BUILT_PRODUCTS_DIR)/MacLandmarks.app/$(BUNDLE_EXECUTABLE_FOLDER_PATH)/MacLandmarks";
			};
			name = Debug;
		};
		5B7030842AC4F532003B379D /* Release */ = {
			isa = XCBuildConfiguration;
			buildSettings = {
				ALWAYS_EMBED_SWIFT_STANDARD_LIBRARIES = YES;
				ASSETCATALOG_COMPILER_GENERATE_SWIFT_ASSET_SYMBOL_EXTENSIONS = YES;
				BUNDLE_LOADER = "$(TEST_HOST)";
				CODE_SIGN_STYLE = Automatic;
				CURRENT_PROJECT_VERSION = 1;
				DEVELOPMENT_TEAM = 7UHHCDBUK2;
				ENABLE_USER_SCRIPT_SANDBOXING = YES;
				GCC_C_LANGUAGE_STANDARD = gnu17;
				GENERATE_INFOPLIST_FILE = YES;
				LOCALIZATION_PREFERS_STRING_CATALOGS = YES;
				MACOSX_DEPLOYMENT_TARGET = 13.6;
				MARKETING_VERSION = 1.0;
				PRODUCT_BUNDLE_IDENTIFIER = "com.example.apple-samplecode.MacLandmarksTests";
				PRODUCT_NAME = "$(TARGET_NAME)";
				SDKROOT = macosx;
				SWIFT_EMIT_LOC_STRINGS = NO;
				SWIFT_VERSION = 5.0;
				TEST_HOST = "$(BUILT_PRODUCTS_DIR)/MacLandmarks.app/$(BUNDLE_EXECUTABLE_FOLDER_PATH)/MacLandmarks";
			};
			name = Release;
		};
		5B7030862AC4F532003B379D /* Debug */ = {
			isa = XCBuildConfiguration;
			buildSettings = {
				ALWAYS_EMBED_SWIFT_STANDARD_LIBRARIES = YES;
				ASSETCATALOG_COMPILER_GENERATE_SWIFT_ASSET_SYMBOL_EXTENSIONS = YES;
				CODE_SIGN_STYLE = Automatic;
				CURRENT_PROJECT_VERSION = 1;
				DEVELOPMENT_TEAM = 7UHHCDBUK2;
				ENABLE_USER_SCRIPT_SANDBOXING = YES;
				GCC_C_LANGUAGE_STANDARD = gnu17;
				GENERATE_INFOPLIST_FILE = YES;
				LOCALIZATION_PREFERS_STRING_CATALOGS = YES;
				MACOSX_DEPLOYMENT_TARGET = 13.6;
				MARKETING_VERSION = 1.0;
				PRODUCT_BUNDLE_IDENTIFIER = "com.example.apple-samplecode.MacLandmarksUITests";
				PRODUCT_NAME = "$(TARGET_NAME)";
				SDKROOT = macosx;
				SWIFT_ACTIVE_COMPILATION_CONDITIONS = "DEBUG $(inherited)";
				SWIFT_EMIT_LOC_STRINGS = NO;
				SWIFT_VERSION = 5.0;
				TEST_TARGET_NAME = MacLandmarks;
			};
			name = Debug;
		};
		5B7030872AC4F532003B379D /* Release */ = {
			isa = XCBuildConfiguration;
			buildSettings = {
				ALWAYS_EMBED_SWIFT_STANDARD_LIBRARIES = YES;
				ASSETCATALOG_COMPILER_GENERATE_SWIFT_ASSET_SYMBOL_EXTENSIONS = YES;
				CODE_SIGN_STYLE = Automatic;
				CURRENT_PROJECT_VERSION = 1;
				DEVELOPMENT_TEAM = 7UHHCDBUK2;
				ENABLE_USER_SCRIPT_SANDBOXING = YES;
				GCC_C_LANGUAGE_STANDARD = gnu17;
				GENERATE_INFOPLIST_FILE = YES;
				LOCALIZATION_PREFERS_STRING_CATALOGS = YES;
				MACOSX_DEPLOYMENT_TARGET = 13.6;
				MARKETING_VERSION = 1.0;
				PRODUCT_BUNDLE_IDENTIFIER = "com.example.apple-samplecode.MacLandmarksUITests";
				PRODUCT_NAME = "$(TARGET_NAME)";
				SDKROOT = macosx;
				SWIFT_EMIT_LOC_STRINGS = NO;
				SWIFT_VERSION = 5.0;
				TEST_TARGET_NAME = MacLandmarks;
			};
			name = Release;
		};
		5BCB87F02AC0C81500E349D7 /* Debug */ = {
			isa = XCBuildConfiguration;
			buildSettings = {
				ALWAYS_SEARCH_USER_PATHS = NO;
				CLANG_ANALYZER_NONNULL = YES;
				CLANG_ANALYZER_NUMBER_OBJECT_CONVERSION = YES_AGGRESSIVE;
				CLANG_CXX_LANGUAGE_STANDARD = "gnu++20";
				CLANG_ENABLE_MODULES = YES;
				CLANG_ENABLE_OBJC_ARC = YES;
				CLANG_ENABLE_OBJC_WEAK = YES;
				CLANG_WARN_BLOCK_CAPTURE_AUTORELEASING = YES;
				CLANG_WARN_BOOL_CONVERSION = YES;
				CLANG_WARN_COMMA = YES;
				CLANG_WARN_CONSTANT_CONVERSION = YES;
				CLANG_WARN_DEPRECATED_OBJC_IMPLEMENTATIONS = YES;
				CLANG_WARN_DIRECT_OBJC_ISA_USAGE = YES_ERROR;
				CLANG_WARN_DOCUMENTATION_COMMENTS = YES;
				CLANG_WARN_EMPTY_BODY = YES;
				CLANG_WARN_ENUM_CONVERSION = YES;
				CLANG_WARN_INFINITE_RECURSION = YES;
				CLANG_WARN_INT_CONVERSION = YES;
				CLANG_WARN_NON_LITERAL_NULL_CONVERSION = YES;
				CLANG_WARN_OBJC_IMPLICIT_RETAIN_SELF = YES;
				CLANG_WARN_OBJC_LITERAL_CONVERSION = YES;
				CLANG_WARN_OBJC_ROOT_CLASS = YES_ERROR;
				CLANG_WARN_QUOTED_INCLUDE_IN_FRAMEWORK_HEADER = YES;
				CLANG_WARN_RANGE_LOOP_ANALYSIS = YES;
				CLANG_WARN_STRICT_PROTOTYPES = YES;
				CLANG_WARN_SUSPICIOUS_MOVE = YES;
				CLANG_WARN_UNGUARDED_AVAILABILITY = YES_AGGRESSIVE;
				CLANG_WARN_UNREACHABLE_CODE = YES;
				CLANG_WARN__DUPLICATE_METHOD_MATCH = YES;
				COPY_PHASE_STRIP = NO;
				DEBUG_INFORMATION_FORMAT = dwarf;
				ENABLE_STRICT_OBJC_MSGSEND = YES;
				ENABLE_TESTABILITY = YES;
				GCC_C_LANGUAGE_STANDARD = gnu11;
				GCC_DYNAMIC_NO_PIC = NO;
				GCC_NO_COMMON_BLOCKS = YES;
				GCC_OPTIMIZATION_LEVEL = 0;
				GCC_PREPROCESSOR_DEFINITIONS = (
					"DEBUG=1",
					"$(inherited)",
				);
				GCC_WARN_64_TO_32_BIT_CONVERSION = YES;
				GCC_WARN_ABOUT_RETURN_TYPE = YES_ERROR;
				GCC_WARN_UNDECLARED_SELECTOR = YES;
				GCC_WARN_UNINITIALIZED_AUTOS = YES_AGGRESSIVE;
				GCC_WARN_UNUSED_FUNCTION = YES;
				GCC_WARN_UNUSED_VARIABLE = YES;
				IPHONEOS_DEPLOYMENT_TARGET = 16.4;
				MTL_ENABLE_DEBUG_INFO = INCLUDE_SOURCE;
				MTL_FAST_MATH = YES;
				ONLY_ACTIVE_ARCH = YES;
				SDKROOT = iphoneos;
				SWIFT_ACTIVE_COMPILATION_CONDITIONS = DEBUG;
				SWIFT_OPTIMIZATION_LEVEL = "-Onone";
			};
			name = Debug;
		};
		5BCB87F12AC0C81500E349D7 /* Release */ = {
			isa = XCBuildConfiguration;
			buildSettings = {
				ALWAYS_SEARCH_USER_PATHS = NO;
				CLANG_ANALYZER_NONNULL = YES;
				CLANG_ANALYZER_NUMBER_OBJECT_CONVERSION = YES_AGGRESSIVE;
				CLANG_CXX_LANGUAGE_STANDARD = "gnu++20";
				CLANG_ENABLE_MODULES = YES;
				CLANG_ENABLE_OBJC_ARC = YES;
				CLANG_ENABLE_OBJC_WEAK = YES;
				CLANG_WARN_BLOCK_CAPTURE_AUTORELEASING = YES;
				CLANG_WARN_BOOL_CONVERSION = YES;
				CLANG_WARN_COMMA = YES;
				CLANG_WARN_CONSTANT_CONVERSION = YES;
				CLANG_WARN_DEPRECATED_OBJC_IMPLEMENTATIONS = YES;
				CLANG_WARN_DIRECT_OBJC_ISA_USAGE = YES_ERROR;
				CLANG_WARN_DOCUMENTATION_COMMENTS = YES;
				CLANG_WARN_EMPTY_BODY = YES;
				CLANG_WARN_ENUM_CONVERSION = YES;
				CLANG_WARN_INFINITE_RECURSION = YES;
				CLANG_WARN_INT_CONVERSION = YES;
				CLANG_WARN_NON_LITERAL_NULL_CONVERSION = YES;
				CLANG_WARN_OBJC_IMPLICIT_RETAIN_SELF = YES;
				CLANG_WARN_OBJC_LITERAL_CONVERSION = YES;
				CLANG_WARN_OBJC_ROOT_CLASS = YES_ERROR;
				CLANG_WARN_QUOTED_INCLUDE_IN_FRAMEWORK_HEADER = YES;
				CLANG_WARN_RANGE_LOOP_ANALYSIS = YES;
				CLANG_WARN_STRICT_PROTOTYPES = YES;
				CLANG_WARN_SUSPICIOUS_MOVE = YES;
				CLANG_WARN_UNGUARDED_AVAILABILITY = YES_AGGRESSIVE;
				CLANG_WARN_UNREACHABLE_CODE = YES;
				CLANG_WARN__DUPLICATE_METHOD_MATCH = YES;
				COPY_PHASE_STRIP = NO;
				DEBUG_INFORMATION_FORMAT = "dwarf-with-dsym";
				ENABLE_NS_ASSERTIONS = NO;
				ENABLE_STRICT_OBJC_MSGSEND = YES;
				GCC_C_LANGUAGE_STANDARD = gnu11;
				GCC_NO_COMMON_BLOCKS = YES;
				GCC_WARN_64_TO_32_BIT_CONVERSION = YES;
				GCC_WARN_ABOUT_RETURN_TYPE = YES_ERROR;
				GCC_WARN_UNDECLARED_SELECTOR = YES;
				GCC_WARN_UNINITIALIZED_AUTOS = YES_AGGRESSIVE;
				GCC_WARN_UNUSED_FUNCTION = YES;
				GCC_WARN_UNUSED_VARIABLE = YES;
				IPHONEOS_DEPLOYMENT_TARGET = 16.4;
				MTL_ENABLE_DEBUG_INFO = NO;
				MTL_FAST_MATH = YES;
				SDKROOT = iphoneos;
				SWIFT_COMPILATION_MODE = wholemodule;
				SWIFT_OPTIMIZATION_LEVEL = "-O";
				VALIDATE_PRODUCT = YES;
			};
			name = Release;
		};
		5BCB87F32AC0C81500E349D7 /* Debug */ = {
			isa = XCBuildConfiguration;
			buildSettings = {
				ALWAYS_EMBED_SWIFT_STANDARD_LIBRARIES = YES;
				ASSETCATALOG_COMPILER_APPICON_NAME = AppIcon;
				ASSETCATALOG_COMPILER_GLOBAL_ACCENT_COLOR_NAME = AccentColor;
				CODE_SIGN_STYLE = Automatic;
				CURRENT_PROJECT_VERSION = 1;
				DEVELOPMENT_ASSET_PATHS = "\"Landmarks/Preview Content\"";
				DEVELOPMENT_TEAM = 7UHHCDBUK2;
				ENABLE_PREVIEWS = YES;
				GENERATE_INFOPLIST_FILE = YES;
				INFOPLIST_KEY_UIApplicationSceneManifest_Generation = YES;
				INFOPLIST_KEY_UIApplicationSupportsIndirectInputEvents = YES;
				INFOPLIST_KEY_UILaunchScreen_Generation = YES;
				INFOPLIST_KEY_UISupportedInterfaceOrientations_iPad = "UIInterfaceOrientationPortrait UIInterfaceOrientationPortraitUpsideDown UIInterfaceOrientationLandscapeLeft UIInterfaceOrientationLandscapeRight";
				INFOPLIST_KEY_UISupportedInterfaceOrientations_iPhone = "UIInterfaceOrientationPortrait UIInterfaceOrientationLandscapeLeft UIInterfaceOrientationLandscapeRight";
				LD_RUNPATH_SEARCH_PATHS = (
					"$(inherited)",
					"@executable_path/Frameworks",
				);
				MARKETING_VERSION = 1.0;
				PRODUCT_BUNDLE_IDENTIFIER = "com.example.apple-samplecode.Landmarks";
				PRODUCT_NAME = "$(TARGET_NAME)";
				SWIFT_EMIT_LOC_STRINGS = YES;
				SWIFT_VERSION = 5.0;
				TARGETED_DEVICE_FAMILY = "1,2";
			};
			name = Debug;
		};
		5BCB87F42AC0C81500E349D7 /* Release */ = {
			isa = XCBuildConfiguration;
			buildSettings = {
				ALWAYS_EMBED_SWIFT_STANDARD_LIBRARIES = YES;
				ASSETCATALOG_COMPILER_APPICON_NAME = AppIcon;
				ASSETCATALOG_COMPILER_GLOBAL_ACCENT_COLOR_NAME = AccentColor;
				CODE_SIGN_STYLE = Automatic;
				CURRENT_PROJECT_VERSION = 1;
				DEVELOPMENT_ASSET_PATHS = "\"Landmarks/Preview Content\"";
				DEVELOPMENT_TEAM = 7UHHCDBUK2;
				ENABLE_PREVIEWS = YES;
				GENERATE_INFOPLIST_FILE = YES;
				INFOPLIST_KEY_UIApplicationSceneManifest_Generation = YES;
				INFOPLIST_KEY_UIApplicationSupportsIndirectInputEvents = YES;
				INFOPLIST_KEY_UILaunchScreen_Generation = YES;
				INFOPLIST_KEY_UISupportedInterfaceOrientations_iPad = "UIInterfaceOrientationPortrait UIInterfaceOrientationPortraitUpsideDown UIInterfaceOrientationLandscapeLeft UIInterfaceOrientationLandscapeRight";
				INFOPLIST_KEY_UISupportedInterfaceOrientations_iPhone = "UIInterfaceOrientationPortrait UIInterfaceOrientationLandscapeLeft UIInterfaceOrientationLandscapeRight";
				LD_RUNPATH_SEARCH_PATHS = (
					"$(inherited)",
					"@executable_path/Frameworks",
				);
				MARKETING_VERSION = 1.0;
				PRODUCT_BUNDLE_IDENTIFIER = "com.example.apple-samplecode.Landmarks";
				PRODUCT_NAME = "$(TARGET_NAME)";
				SWIFT_EMIT_LOC_STRINGS = YES;
				SWIFT_VERSION = 5.0;
				TARGETED_DEVICE_FAMILY = "1,2";
			};
			name = Release;
		};
		5BCB87F62AC0C81500E349D7 /* Debug */ = {
			isa = XCBuildConfiguration;
			buildSettings = {
				ALWAYS_EMBED_SWIFT_STANDARD_LIBRARIES = YES;
				BUNDLE_LOADER = "$(TEST_HOST)";
				CODE_SIGN_STYLE = Automatic;
				CURRENT_PROJECT_VERSION = 1;
				DEVELOPMENT_TEAM = 7UHHCDBUK2;
				GENERATE_INFOPLIST_FILE = YES;
				IPHONEOS_DEPLOYMENT_TARGET = 16.4;
				MARKETING_VERSION = 1.0;
				PRODUCT_BUNDLE_IDENTIFIER = "com.example.apple-samplecode.LandmarksTests";
				PRODUCT_NAME = "$(TARGET_NAME)";
				SWIFT_EMIT_LOC_STRINGS = NO;
				SWIFT_VERSION = 5.0;
				TARGETED_DEVICE_FAMILY = "1,2";
				TEST_HOST = "$(BUILT_PRODUCTS_DIR)/Landmarks.app/$(BUNDLE_EXECUTABLE_FOLDER_PATH)/Landmarks";
			};
			name = Debug;
		};
		5BCB87F72AC0C81500E349D7 /* Release */ = {
			isa = XCBuildConfiguration;
			buildSettings = {
				ALWAYS_EMBED_SWIFT_STANDARD_LIBRARIES = YES;
				BUNDLE_LOADER = "$(TEST_HOST)";
				CODE_SIGN_STYLE = Automatic;
				CURRENT_PROJECT_VERSION = 1;
				DEVELOPMENT_TEAM = 7UHHCDBUK2;
				GENERATE_INFOPLIST_FILE = YES;
				IPHONEOS_DEPLOYMENT_TARGET = 16.4;
				MARKETING_VERSION = 1.0;
				PRODUCT_BUNDLE_IDENTIFIER = "com.example.apple-samplecode.LandmarksTests";
				PRODUCT_NAME = "$(TARGET_NAME)";
				SWIFT_EMIT_LOC_STRINGS = NO;
				SWIFT_VERSION = 5.0;
				TARGETED_DEVICE_FAMILY = "1,2";
				TEST_HOST = "$(BUILT_PRODUCTS_DIR)/Landmarks.app/$(BUNDLE_EXECUTABLE_FOLDER_PATH)/Landmarks";
			};
			name = Release;
		};
		5BCB87F92AC0C81500E349D7 /* Debug */ = {
			isa = XCBuildConfiguration;
			buildSettings = {
				ALWAYS_EMBED_SWIFT_STANDARD_LIBRARIES = YES;
				CODE_SIGN_STYLE = Automatic;
				CURRENT_PROJECT_VERSION = 1;
				DEVELOPMENT_TEAM = 7UHHCDBUK2;
				GENERATE_INFOPLIST_FILE = YES;
				MARKETING_VERSION = 1.0;
				PRODUCT_BUNDLE_IDENTIFIER = "com.example.apple-samplecode.LandmarksUITests";
				PRODUCT_NAME = "$(TARGET_NAME)";
				SWIFT_EMIT_LOC_STRINGS = NO;
				SWIFT_VERSION = 5.0;
				TARGETED_DEVICE_FAMILY = "1,2";
				TEST_TARGET_NAME = Landmarks;
			};
			name = Debug;
		};
		5BCB87FA2AC0C81500E349D7 /* Release */ = {
			isa = XCBuildConfiguration;
			buildSettings = {
				ALWAYS_EMBED_SWIFT_STANDARD_LIBRARIES = YES;
				CODE_SIGN_STYLE = Automatic;
				CURRENT_PROJECT_VERSION = 1;
				DEVELOPMENT_TEAM = 7UHHCDBUK2;
				GENERATE_INFOPLIST_FILE = YES;
				MARKETING_VERSION = 1.0;
				PRODUCT_BUNDLE_IDENTIFIER = "com.example.apple-samplecode.LandmarksUITests";
				PRODUCT_NAME = "$(TARGET_NAME)";
				SWIFT_EMIT_LOC_STRINGS = NO;
				SWIFT_VERSION = 5.0;
				TARGETED_DEVICE_FAMILY = "1,2";
				TEST_TARGET_NAME = Landmarks;
			};
			name = Release;
		};
/* End XCBuildConfiguration section */

/* Begin XCConfigurationList section */
		5B70303B2AC3CE94003B379D /* Build configuration list for PBXNativeTarget "WatchLandmarks Watch App" */ = {
			isa = XCConfigurationList;
			buildConfigurations = (
				5B70303C2AC3CE94003B379D /* Debug */,
				5B70303D2AC3CE94003B379D /* Release */,
			);
			defaultConfigurationIsVisible = 0;
			defaultConfigurationName = Release;
		};
		5B70303F2AC3CE94003B379D /* Build configuration list for PBXNativeTarget "WatchLandmarks Watch AppTests" */ = {
			isa = XCConfigurationList;
			buildConfigurations = (
				5B7030402AC3CE94003B379D /* Debug */,
				5B7030412AC3CE94003B379D /* Release */,
			);
			defaultConfigurationIsVisible = 0;
			defaultConfigurationName = Release;
		};
		5B7030422AC3CE94003B379D /* Build configuration list for PBXNativeTarget "WatchLandmarks Watch AppUITests" */ = {
			isa = XCConfigurationList;
			buildConfigurations = (
				5B7030432AC3CE94003B379D /* Debug */,
				5B7030442AC3CE94003B379D /* Release */,
			);
			defaultConfigurationIsVisible = 0;
			defaultConfigurationName = Release;
		};
		5B70307F2AC4F532003B379D /* Build configuration list for PBXNativeTarget "MacLandmarks" */ = {
			isa = XCConfigurationList;
			buildConfigurations = (
				5B7030802AC4F532003B379D /* Debug */,
				5B7030812AC4F532003B379D /* Release */,
			);
			defaultConfigurationIsVisible = 0;
			defaultConfigurationName = Release;
		};
		5B7030822AC4F532003B379D /* Build configuration list for PBXNativeTarget "MacLandmarksTests" */ = {
			isa = XCConfigurationList;
			buildConfigurations = (
				5B7030832AC4F532003B379D /* Debug */,
				5B7030842AC4F532003B379D /* Release */,
			);
			defaultConfigurationIsVisible = 0;
			defaultConfigurationName = Release;
		};
		5B7030852AC4F532003B379D /* Build configuration list for PBXNativeTarget "MacLandmarksUITests" */ = {
			isa = XCConfigurationList;
			buildConfigurations = (
				5B7030862AC4F532003B379D /* Debug */,
				5B7030872AC4F532003B379D /* Release */,
			);
			defaultConfigurationIsVisible = 0;
			defaultConfigurationName = Release;
		};
		5BCB87C92AC0C81300E349D7 /* Build configuration list for PBXProject "Landmarks" */ = {
			isa = XCConfigurationList;
			buildConfigurations = (
				5BCB87F02AC0C81500E349D7 /* Debug */,
				5BCB87F12AC0C81500E349D7 /* Release */,
			);
			defaultConfigurationIsVisible = 0;
			defaultConfigurationName = Release;
		};
		5BCB87F22AC0C81500E349D7 /* Build configuration list for PBXNativeTarget "Landmarks" */ = {
			isa = XCConfigurationList;
			buildConfigurations = (
				5BCB87F32AC0C81500E349D7 /* Debug */,
				5BCB87F42AC0C81500E349D7 /* Release */,
			);
			defaultConfigurationIsVisible = 0;
			defaultConfigurationName = Release;
		};
		5BCB87F52AC0C81500E349D7 /* Build configuration list for PBXNativeTarget "LandmarksTests" */ = {
			isa = XCConfigurationList;
			buildConfigurations = (
				5BCB87F62AC0C81500E349D7 /* Debug */,
				5BCB87F72AC0C81500E349D7 /* Release */,
			);
			defaultConfigurationIsVisible = 0;
			defaultConfigurationName = Release;
		};
		5BCB87F82AC0C81500E349D7 /* Build configuration list for PBXNativeTarget "LandmarksUITests" */ = {
			isa = XCConfigurationList;
			buildConfigurations = (
				5BCB87F92AC0C81500E349D7 /* Debug */,
				5BCB87FA2AC0C81500E349D7 /* Release */,
			);
			defaultConfigurationIsVisible = 0;
			defaultConfigurationName = Release;
		};
/* End XCConfigurationList section */
	};
	rootObject = 5BCB87C62AC0C81300E349D7 /* Project object */;
}
